// !$*UTF8*$!
{
	archiveVersion = 1;
	classes = {
	};
	objectVersion = 46;
	objects = {

/* Begin PBXBuildFile section */
		35C020F7A7BB0A3AC7673D76 /* GithubSearchRepositoriesAPIResponseCatalog.swift in Sources */ = {isa = PBXBuildFile; fileRef = 35C02622F6D6CDEDEA5E0BD3 /* GithubSearchRepositoriesAPIResponseCatalog.swift */; };
		35C0222AAB75B5F8853CEFE0 /* ViewController.swift in Sources */ = {isa = PBXBuildFile; fileRef = 35C0297893666FFAA98E9440 /* ViewController.swift */; };
		35C0223867BEF45913FC22D0 /* GithubSearchRepositoriesAPIResponse.json in Resources */ = {isa = PBXBuildFile; fileRef = 35C029D584A470613DA40354 /* GithubSearchRepositoriesAPIResponse.json */; };
		35C0224B2E4415EE1DC04125 /* GithubSearchRepositoriesAPITests.swift in Sources */ = {isa = PBXBuildFile; fileRef = 35C022E6213187D2D0F44E86 /* GithubSearchRepositoriesAPITests.swift */; };
		35C022A543928346E0000416 /* Assets.xcassets in Resources */ = {isa = PBXBuildFile; fileRef = 35C02DFC8D1585C20283244A /* Assets.xcassets */; };
		35C023732E5BD0C6E9EDE9A0 /* GithubSearchRepositoriesAPI.swift in Sources */ = {isa = PBXBuildFile; fileRef = 35C02344A60C0AFCE76804E7 /* GithubSearchRepositoriesAPI.swift */; };
		35C0243319AA3391AEB0F4AF /* GithubRepositoryID.swift in Sources */ = {isa = PBXBuildFile; fileRef = 35C021895F83775B778557BA /* GithubRepositoryID.swift */; };
		35C0246EE24A171613FEBC9C /* GithubSearchRepositoriesAPI+Response.swift in Sources */ = {isa = PBXBuildFile; fileRef = 35C023D401DD6018A27A809D /* GithubSearchRepositoriesAPI+Response.swift */; };
		35C0253E3A1FEB12B1479179 /* GithubSearchRepositoriesAPIResponseTests.swift in Sources */ = {isa = PBXBuildFile; fileRef = 35C024983460CF1BE8566371 /* GithubSearchRepositoriesAPIResponseTests.swift */; };
		35C025892CCA35846B954948 /* SearchListUITests.swift in Sources */ = {isa = PBXBuildFile; fileRef = 35C026D7CD12A52D712B08EC /* SearchListUITests.swift */; };
		35C0266427B0369F2A1E0C49 /* HTTPRequestTests.swift in Sources */ = {isa = PBXBuildFile; fileRef = 35C02C13E78B3C60B5DB949A /* HTTPRequestTests.swift */; };
		35C026E145780947A13AFA2D /* PromiseTestKit.swift in Sources */ = {isa = PBXBuildFile; fileRef = 35C02D23C45977DA22B1FC26 /* PromiseTestKit.swift */; };
		35C0274DCC568FF9D633E954 /* GithubRepositoryDataSource.swift in Sources */ = {isa = PBXBuildFile; fileRef = 35C02261692B71A308B1E6FD /* GithubRepositoryDataSource.swift */; };
		35C027BB3446CB627D2C7DB4 /* GithubRepositoryTests.swift in Sources */ = {isa = PBXBuildFile; fileRef = 35C02E112C8DF2E9AEE1052C /* GithubRepositoryTests.swift */; };
		35C02871CDDEA5C2A699B7C6 /* SearchListTests.swift in Sources */ = {isa = PBXBuildFile; fileRef = 35C028E9EF5E3C274B394068 /* SearchListTests.swift */; };
		35C028775942BFF3F48324FC /* Main.storyboard in Resources */ = {isa = PBXBuildFile; fileRef = 35C02135CFD97D1FCA8912E2 /* Main.storyboard */; };
		35C0295CD886AE4C89C22718 /* HTTPResponseTests.swift in Sources */ = {isa = PBXBuildFile; fileRef = 35C0213C31857FCEFFA00511 /* HTTPResponseTests.swift */; };
		35C02A38B0EE176056FBEF10 /* GithubAPIRequest.swift in Sources */ = {isa = PBXBuildFile; fileRef = 35C0208810C30886B1A8A737 /* GithubAPIRequest.swift */; };
		35C02AA49DA06730DCFB2A30 /* GithubRepositoryDataSourceTests.swift in Sources */ = {isa = PBXBuildFile; fileRef = 35C029D9D00AF8446CB5EEAA /* GithubRepositoryDataSourceTests.swift */; };
		35C02AB0D52FF7AF550D4910 /* GithubAPIClientTests.swift in Sources */ = {isa = PBXBuildFile; fileRef = 35C0287FEBA77008EBA09290 /* GithubAPIClientTests.swift */; };
		35C02B298695D682117AAE80 /* AppDelegate.swift in Sources */ = {isa = PBXBuildFile; fileRef = 35C020DB961345E26BC26DDE /* AppDelegate.swift */; };
		35C02B2BAE37D981C47BCE99 /* GithubAPIError.swift in Sources */ = {isa = PBXBuildFile; fileRef = 35C024EB0FD68B24E5F42701 /* GithubAPIError.swift */; };
		35C02B4FF824B4B6247D2497 /* GithubAPIClient.swift in Sources */ = {isa = PBXBuildFile; fileRef = 35C0255425679E84AEA04E1E /* GithubAPIClient.swift */; };
		35C02C43556D29BC6890B720 /* LaunchScreen.storyboard in Resources */ = {isa = PBXBuildFile; fileRef = 35C0296380EE7BAABF13A5CA /* LaunchScreen.storyboard */; };
		35C02C6BED4E94327121E10A /* HTTPClientTests.swift in Sources */ = {isa = PBXBuildFile; fileRef = 35C020E6C2914E20BA02CB32 /* HTTPClientTests.swift */; };
		35C02D230AE58D027B3D7353 /* JsonReader.swift in Sources */ = {isa = PBXBuildFile; fileRef = 35C0269193A51D46A4873288 /* JsonReader.swift */; };
		35C02D952AC9F82968426487 /* GithubAPIClientError.swift in Sources */ = {isa = PBXBuildFile; fileRef = 35C0229ADE93F2742C44BFAC /* GithubAPIClientError.swift */; };
		35C02E16C8BF4D1BFC8D17D6 /* HTTPRequest.swift in Sources */ = {isa = PBXBuildFile; fileRef = 35C024144BD9F6DAEC70B33C /* HTTPRequest.swift */; };
		35C02E5DF896FBFBB9E9B281 /* GithubRepository.swift in Sources */ = {isa = PBXBuildFile; fileRef = 35C02E3F03CA615DE56E9A0D /* GithubRepository.swift */; };
		35C02E9E03468BA8DB482D66 /* HTTPClientError.swift in Sources */ = {isa = PBXBuildFile; fileRef = 35C023F11B072BC0B3223E12 /* HTTPClientError.swift */; };
		35C02EF7CCF2A36689EFD2F0 /* HTTPClient.swift in Sources */ = {isa = PBXBuildFile; fileRef = 35C02E6B80A14B6A0E319C2D /* HTTPClient.swift */; };
		35C02FA2CEDE30FCCA07D90D /* HTTPResponse.swift in Sources */ = {isa = PBXBuildFile; fileRef = 35C0254D1F1EE89783684A1B /* HTTPResponse.swift */; };
		35C02FF2EC64879D1339E4E9 /* Result.swift in Sources */ = {isa = PBXBuildFile; fileRef = 35C0280D31C78DB460B2AEB8 /* Result.swift */; };
		35C02FFFFF508A010834030F /* GithubAPIResponse.swift in Sources */ = {isa = PBXBuildFile; fileRef = 35C025E8B6EF6BCC28B1C1CE /* GithubAPIResponse.swift */; };
		3E4A1ABE20D799FC007D58D1 /* R.generated.swift in Sources */ = {isa = PBXBuildFile; fileRef = 3E4A1ABD20D799FC007D58D1 /* R.generated.swift */; };
		3E4A1AC120D7A518007D58D1 /* R.generated.swift in Sources */ = {isa = PBXBuildFile; fileRef = 3E4A1AC020D7A518007D58D1 /* R.generated.swift */; };
		3EC69A9620D922D200EFEB72 /* Rswift.framework in Frameworks */ = {isa = PBXBuildFile; fileRef = 3E4A1AB920D7960D007D58D1 /* Rswift.framework */; };
		3EC69A9720D922D500EFEB72 /* PromiseKit.framework in Frameworks */ = {isa = PBXBuildFile; fileRef = 3EC69A8720D8DD4100EFEB72 /* PromiseKit.framework */; };
		3EC69A9820D922D800EFEB72 /* MirrorDiffKit.framework in Frameworks */ = {isa = PBXBuildFile; fileRef = 3EC69A9420D9228B00EFEB72 /* MirrorDiffKit.framework */; };
		3EC69A9B20DB860000EFEB72 /* RxBlocking.framework in Frameworks */ = {isa = PBXBuildFile; fileRef = 3EC69A9920DB860000EFEB72 /* RxBlocking.framework */; };
		3EC69A9C20DB860000EFEB72 /* RxSwift.framework in Frameworks */ = {isa = PBXBuildFile; fileRef = 3EC69A9A20DB860000EFEB72 /* RxSwift.framework */; };
/* End PBXBuildFile section */

/* Begin PBXContainerItemProxy section */
		35C0228CE48A015FBB6D121C /* PBXContainerItemProxy */ = {
			isa = PBXContainerItemProxy;
			containerPortal = 35C02D073D7AB6FD7B2875D3 /* Project object */;
			proxyType = 1;
			remoteGlobalIDString = 35C02ECBB1D44FE19C4A9976;
			remoteInfo = SearchList;
		};
		35C02D4AC321A4185B3BBCE0 /* PBXContainerItemProxy */ = {
			isa = PBXContainerItemProxy;
			containerPortal = 35C02D073D7AB6FD7B2875D3 /* Project object */;
			proxyType = 1;
			remoteGlobalIDString = 35C02ECBB1D44FE19C4A9976;
			remoteInfo = SearchList;
		};
/* End PBXContainerItemProxy section */

/* Begin PBXFileReference section */
		35C0208810C30886B1A8A737 /* GithubAPIRequest.swift */ = {isa = PBXFileReference; fileEncoding = 4; lastKnownFileType = sourcecode.swift; path = GithubAPIRequest.swift; sourceTree = "<group>"; };
		35C020DB961345E26BC26DDE /* AppDelegate.swift */ = {isa = PBXFileReference; lastKnownFileType = sourcecode.swift; path = AppDelegate.swift; sourceTree = "<group>"; };
		35C020E6C2914E20BA02CB32 /* HTTPClientTests.swift */ = {isa = PBXFileReference; fileEncoding = 4; lastKnownFileType = sourcecode.swift; path = HTTPClientTests.swift; sourceTree = "<group>"; };
		35C0213C31857FCEFFA00511 /* HTTPResponseTests.swift */ = {isa = PBXFileReference; fileEncoding = 4; lastKnownFileType = sourcecode.swift; path = HTTPResponseTests.swift; sourceTree = "<group>"; };
		35C021895F83775B778557BA /* GithubRepositoryID.swift */ = {isa = PBXFileReference; fileEncoding = 4; lastKnownFileType = sourcecode.swift; path = GithubRepositoryID.swift; sourceTree = "<group>"; };
		35C02261692B71A308B1E6FD /* GithubRepositoryDataSource.swift */ = {isa = PBXFileReference; fileEncoding = 4; lastKnownFileType = sourcecode.swift; path = GithubRepositoryDataSource.swift; sourceTree = "<group>"; };
		35C0229ADE93F2742C44BFAC /* GithubAPIClientError.swift */ = {isa = PBXFileReference; fileEncoding = 4; lastKnownFileType = sourcecode.swift; path = GithubAPIClientError.swift; sourceTree = "<group>"; };
		35C022E6213187D2D0F44E86 /* GithubSearchRepositoriesAPITests.swift */ = {isa = PBXFileReference; fileEncoding = 4; lastKnownFileType = sourcecode.swift; path = GithubSearchRepositoriesAPITests.swift; sourceTree = "<group>"; };
		35C02344A60C0AFCE76804E7 /* GithubSearchRepositoriesAPI.swift */ = {isa = PBXFileReference; fileEncoding = 4; lastKnownFileType = sourcecode.swift; path = GithubSearchRepositoriesAPI.swift; sourceTree = "<group>"; };
		35C023D401DD6018A27A809D /* GithubSearchRepositoriesAPI+Response.swift */ = {isa = PBXFileReference; fileEncoding = 4; lastKnownFileType = sourcecode.swift; path = "GithubSearchRepositoriesAPI+Response.swift"; sourceTree = "<group>"; };
		35C023F11B072BC0B3223E12 /* HTTPClientError.swift */ = {isa = PBXFileReference; fileEncoding = 4; lastKnownFileType = sourcecode.swift; path = HTTPClientError.swift; sourceTree = "<group>"; };
		35C024144BD9F6DAEC70B33C /* HTTPRequest.swift */ = {isa = PBXFileReference; fileEncoding = 4; lastKnownFileType = sourcecode.swift; path = HTTPRequest.swift; sourceTree = "<group>"; };
		35C024983460CF1BE8566371 /* GithubSearchRepositoriesAPIResponseTests.swift */ = {isa = PBXFileReference; fileEncoding = 4; lastKnownFileType = sourcecode.swift; path = GithubSearchRepositoriesAPIResponseTests.swift; sourceTree = "<group>"; };
		35C024EB0FD68B24E5F42701 /* GithubAPIError.swift */ = {isa = PBXFileReference; fileEncoding = 4; lastKnownFileType = sourcecode.swift; path = GithubAPIError.swift; sourceTree = "<group>"; };
		35C0254D1F1EE89783684A1B /* HTTPResponse.swift */ = {isa = PBXFileReference; fileEncoding = 4; lastKnownFileType = sourcecode.swift; path = HTTPResponse.swift; sourceTree = "<group>"; };
		35C0255425679E84AEA04E1E /* GithubAPIClient.swift */ = {isa = PBXFileReference; fileEncoding = 4; lastKnownFileType = sourcecode.swift; path = GithubAPIClient.swift; sourceTree = "<group>"; };
		35C025B88D29A2A52C6B35E9 /* Info.plist */ = {isa = PBXFileReference; lastKnownFileType = text.plist.info; path = Info.plist; sourceTree = "<group>"; };
		35C025E8B6EF6BCC28B1C1CE /* GithubAPIResponse.swift */ = {isa = PBXFileReference; fileEncoding = 4; lastKnownFileType = sourcecode.swift; path = GithubAPIResponse.swift; sourceTree = "<group>"; };
		35C02622F6D6CDEDEA5E0BD3 /* GithubSearchRepositoriesAPIResponseCatalog.swift */ = {isa = PBXFileReference; fileEncoding = 4; lastKnownFileType = sourcecode.swift; path = GithubSearchRepositoriesAPIResponseCatalog.swift; sourceTree = "<group>"; };
		35C02660421713D33778F940 /* Base */ = {isa = PBXFileReference; lastKnownFileType = file.storyboard; name = Base; path = Base.lproj/Main.storyboard; sourceTree = "<group>"; };
		35C0269193A51D46A4873288 /* JsonReader.swift */ = {isa = PBXFileReference; fileEncoding = 4; lastKnownFileType = sourcecode.swift; path = JsonReader.swift; sourceTree = "<group>"; };
		35C026D7CD12A52D712B08EC /* SearchListUITests.swift */ = {isa = PBXFileReference; lastKnownFileType = sourcecode.swift; path = SearchListUITests.swift; sourceTree = "<group>"; };
		35C027C449342BB9DAC1D413 /* SearchListTests.xctest */ = {isa = PBXFileReference; explicitFileType = wrapper.cfbundle; includeInIndex = 0; path = SearchListTests.xctest; sourceTree = BUILT_PRODUCTS_DIR; };
		35C0280D31C78DB460B2AEB8 /* Result.swift */ = {isa = PBXFileReference; fileEncoding = 4; lastKnownFileType = sourcecode.swift; path = Result.swift; sourceTree = "<group>"; };
		35C0287FEBA77008EBA09290 /* GithubAPIClientTests.swift */ = {isa = PBXFileReference; fileEncoding = 4; lastKnownFileType = sourcecode.swift; path = GithubAPIClientTests.swift; sourceTree = "<group>"; };
		35C028E9EF5E3C274B394068 /* SearchListTests.swift */ = {isa = PBXFileReference; lastKnownFileType = sourcecode.swift; path = SearchListTests.swift; sourceTree = "<group>"; };
		35C0297893666FFAA98E9440 /* ViewController.swift */ = {isa = PBXFileReference; lastKnownFileType = sourcecode.swift; path = ViewController.swift; sourceTree = "<group>"; };
		35C029D584A470613DA40354 /* GithubSearchRepositoriesAPIResponse.json */ = {isa = PBXFileReference; fileEncoding = 4; lastKnownFileType = text.json; path = GithubSearchRepositoriesAPIResponse.json; sourceTree = "<group>"; };
		35C029D9D00AF8446CB5EEAA /* GithubRepositoryDataSourceTests.swift */ = {isa = PBXFileReference; fileEncoding = 4; lastKnownFileType = sourcecode.swift; path = GithubRepositoryDataSourceTests.swift; sourceTree = "<group>"; };
		35C02A059A960A8C0CD9989D /* Info.plist */ = {isa = PBXFileReference; lastKnownFileType = text.plist.info; path = Info.plist; sourceTree = "<group>"; };
		35C02C13E78B3C60B5DB949A /* HTTPRequestTests.swift */ = {isa = PBXFileReference; fileEncoding = 4; lastKnownFileType = sourcecode.swift; path = HTTPRequestTests.swift; sourceTree = "<group>"; };
		35C02C7EFA4835D698D0642A /* Base */ = {isa = PBXFileReference; lastKnownFileType = file.storyboard; name = Base; path = Base.lproj/LaunchScreen.storyboard; sourceTree = "<group>"; };
		35C02D23C45977DA22B1FC26 /* PromiseTestKit.swift */ = {isa = PBXFileReference; fileEncoding = 4; lastKnownFileType = sourcecode.swift; path = PromiseTestKit.swift; sourceTree = "<group>"; };
		35C02DDBBE8EC89BC7C7CAA5 /* SearchList.app */ = {isa = PBXFileReference; explicitFileType = wrapper.application; includeInIndex = 0; path = SearchList.app; sourceTree = BUILT_PRODUCTS_DIR; };
		35C02DFC8D1585C20283244A /* Assets.xcassets */ = {isa = PBXFileReference; lastKnownFileType = folder.assetcatalog; path = Assets.xcassets; sourceTree = "<group>"; };
		35C02E112C8DF2E9AEE1052C /* GithubRepositoryTests.swift */ = {isa = PBXFileReference; fileEncoding = 4; lastKnownFileType = sourcecode.swift; path = GithubRepositoryTests.swift; sourceTree = "<group>"; };
		35C02E3F03CA615DE56E9A0D /* GithubRepository.swift */ = {isa = PBXFileReference; fileEncoding = 4; lastKnownFileType = sourcecode.swift; path = GithubRepository.swift; sourceTree = "<group>"; };
		35C02E6B80A14B6A0E319C2D /* HTTPClient.swift */ = {isa = PBXFileReference; fileEncoding = 4; lastKnownFileType = sourcecode.swift; path = HTTPClient.swift; sourceTree = "<group>"; };
		35C02F97211995B1A9037CE1 /* Info.plist */ = {isa = PBXFileReference; lastKnownFileType = text.plist.info; path = Info.plist; sourceTree = "<group>"; };
		35C02FEC3073F90C8894673F /* SearchListUITests.xctest */ = {isa = PBXFileReference; explicitFileType = wrapper.cfbundle; includeInIndex = 0; path = SearchListUITests.xctest; sourceTree = BUILT_PRODUCTS_DIR; };
		3E4A1AB920D7960D007D58D1 /* Rswift.framework */ = {isa = PBXFileReference; lastKnownFileType = wrapper.framework; name = Rswift.framework; path = Carthage/Build/iOS/Rswift.framework; sourceTree = "<group>"; };
		3E4A1ABD20D799FC007D58D1 /* R.generated.swift */ = {isa = PBXFileReference; fileEncoding = 4; lastKnownFileType = sourcecode.swift; path = R.generated.swift; sourceTree = "<group>"; };
		3E4A1AC020D7A518007D58D1 /* R.generated.swift */ = {isa = PBXFileReference; fileEncoding = 4; lastKnownFileType = sourcecode.swift; path = R.generated.swift; sourceTree = "<group>"; };
		3EC69A8720D8DD4100EFEB72 /* PromiseKit.framework */ = {isa = PBXFileReference; lastKnownFileType = wrapper.framework; name = PromiseKit.framework; path = Carthage/Build/iOS/PromiseKit.framework; sourceTree = "<group>"; };
		3EC69A9420D9228B00EFEB72 /* MirrorDiffKit.framework */ = {isa = PBXFileReference; lastKnownFileType = wrapper.framework; name = MirrorDiffKit.framework; path = Carthage/Build/iOS/MirrorDiffKit.framework; sourceTree = "<group>"; };
		3EC69A9920DB860000EFEB72 /* RxBlocking.framework */ = {isa = PBXFileReference; lastKnownFileType = wrapper.framework; name = RxBlocking.framework; path = Carthage/Build/iOS/RxBlocking.framework; sourceTree = "<group>"; };
		3EC69A9A20DB860000EFEB72 /* RxSwift.framework */ = {isa = PBXFileReference; lastKnownFileType = wrapper.framework; name = RxSwift.framework; path = Carthage/Build/iOS/RxSwift.framework; sourceTree = "<group>"; };
/* End PBXFileReference section */

/* Begin PBXFrameworksBuildPhase section */
		35C028BD0F4664979E0A8448 /* Frameworks */ = {
			isa = PBXFrameworksBuildPhase;
			buildActionMask = 2147483647;
			files = (
			);
			runOnlyForDeploymentPostprocessing = 0;
		};
		35C028C16D378C3835563954 /* Frameworks */ = {
			isa = PBXFrameworksBuildPhase;
			buildActionMask = 2147483647;
			files = (
				3EC69A9B20DB860000EFEB72 /* RxBlocking.framework in Frameworks */,
				3EC69A9C20DB860000EFEB72 /* RxSwift.framework in Frameworks */,
				3EC69A9620D922D200EFEB72 /* Rswift.framework in Frameworks */,
				3EC69A9720D922D500EFEB72 /* PromiseKit.framework in Frameworks */,
				3EC69A9820D922D800EFEB72 /* MirrorDiffKit.framework in Frameworks */,
			);
			runOnlyForDeploymentPostprocessing = 0;
		};
		35C02C599D89CDF588389FE1 /* Frameworks */ = {
			isa = PBXFrameworksBuildPhase;
			buildActionMask = 2147483647;
			files = (
			);
			runOnlyForDeploymentPostprocessing = 0;
		};
/* End PBXFrameworksBuildPhase section */

/* Begin PBXGroup section */
		35C02002C5FD083377AFFD0B /* SearchGithubRepository */ = {
			isa = PBXGroup;
			children = (
			);
			path = SearchGithubRepository;
			sourceTree = "<group>";
		};
		35C020513BBD722DFA3CC8E4 /* DataSource */ = {
			isa = PBXGroup;
			children = (
				35C029D9D00AF8446CB5EEAA /* GithubRepositoryDataSourceTests.swift */,
			);
			path = DataSource;
			sourceTree = "<group>";
		};
		35C020834F6D5188CFA93940 /* SearchListUITests */ = {
			isa = PBXGroup;
			children = (
				35C025B88D29A2A52C6B35E9 /* Info.plist */,
				35C026D7CD12A52D712B08EC /* SearchListUITests.swift */,
			);
			path = SearchListUITests;
			sourceTree = "<group>";
		};
		35C021AC36FF2EF96C7B058B /* GithubSearchRepositories */ = {
			isa = PBXGroup;
			children = (
				35C029D584A470613DA40354 /* GithubSearchRepositoriesAPIResponse.json */,
				35C024983460CF1BE8566371 /* GithubSearchRepositoriesAPIResponseTests.swift */,
				35C02622F6D6CDEDEA5E0BD3 /* GithubSearchRepositoriesAPIResponseCatalog.swift */,
			);
			path = GithubSearchRepositories;
			sourceTree = "<group>";
		};
		35C02275B45D7016D0D33277 /* GithubAPIClient */ = {
			isa = PBXGroup;
			children = (
				35C0255425679E84AEA04E1E /* GithubAPIClient.swift */,
				35C025E8B6EF6BCC28B1C1CE /* GithubAPIResponse.swift */,
				35C0229ADE93F2742C44BFAC /* GithubAPIClientError.swift */,
				35C0208810C30886B1A8A737 /* GithubAPIRequest.swift */,
			);
			path = GithubAPIClient;
			sourceTree = "<group>";
		};
		35C023DB199BD2ADD79D38C0 /* Resource */ = {
			isa = PBXGroup;
			children = (
				35C0269193A51D46A4873288 /* JsonReader.swift */,
				3E4A1AC020D7A518007D58D1 /* R.generated.swift */,
			);
			path = Resource;
			sourceTree = "<group>";
		};
		35C02470735E07BD30A26DBB /* DataSource */ = {
			isa = PBXGroup;
			children = (
				35C02261692B71A308B1E6FD /* GithubRepositoryDataSource.swift */,
			);
			path = DataSource;
			sourceTree = "<group>";
		};
		35C025354395EBBF2CE32150 /* SearchListTests */ = {
			isa = PBXGroup;
			children = (
				35C02F97211995B1A9037CE1 /* Info.plist */,
				35C028E9EF5E3C274B394068 /* SearchListTests.swift */,
				35C02FF858C83BB3365ED813 /* API */,
				35C023DB199BD2ADD79D38C0 /* Resource */,
				35C026764F9EF7550DC1F3F0 /* Entity */,
				35C02D23C45977DA22B1FC26 /* PromiseTestKit.swift */,
				35C020513BBD722DFA3CC8E4 /* DataSource */,
				35C027F456407C2D68C52ACF /* Feature */,
				35C02C152A760CCED019EF0E /* HTTPClient */,
			);
			path = SearchListTests;
			sourceTree = "<group>";
		};
		35C02587D1FD92CF044E1185 /* Feature */ = {
			isa = PBXGroup;
			children = (
				35C02002C5FD083377AFFD0B /* SearchGithubRepository */,
			);
			path = Feature;
			sourceTree = "<group>";
		};
		35C02668CB7F0037A0006853 /* Common */ = {
			isa = PBXGroup;
			children = (
				35C0280D31C78DB460B2AEB8 /* Result.swift */,
			);
			path = Common;
			sourceTree = "<group>";
		};
		35C026764F9EF7550DC1F3F0 /* Entity */ = {
			isa = PBXGroup;
			children = (
				35C02CEE97800CEF00C3DB53 /* Github */,
			);
			path = Entity;
			sourceTree = "<group>";
		};
		35C0271B3F7DC152404ED7A1 /* Resource */ = {
			isa = PBXGroup;
			children = (
				35C02DFC8D1585C20283244A /* Assets.xcassets */,
				3E4A1ABD20D799FC007D58D1 /* R.generated.swift */,
			);
			path = Resource;
			sourceTree = "<group>";
		};
		35C027F456407C2D68C52ACF /* Feature */ = {
			isa = PBXGroup;
			children = (
				35C029922E1C85FE53B5F53E /* SearchGithubRepository */,
			);
			path = Feature;
			sourceTree = "<group>";
		};
		35C028757C9B6B7B3F7EF65F /* Response */ = {
			isa = PBXGroup;
			children = (
				35C021AC36FF2EF96C7B058B /* GithubSearchRepositories */,
			);
			path = Response;
			sourceTree = "<group>";
		};
		35C028C6781BDE3152F5E01F /* Products */ = {
			isa = PBXGroup;
			children = (
				35C02DDBBE8EC89BC7C7CAA5 /* SearchList.app */,
				35C027C449342BB9DAC1D413 /* SearchListTests.xctest */,
				35C02FEC3073F90C8894673F /* SearchListUITests.xctest */,
			);
			name = Products;
			sourceTree = "<group>";
		};
		35C0297A854FA7FACB1BAEA5 /* SearchList */ = {
			isa = PBXGroup;
			children = (
				35C02A059A960A8C0CD9989D /* Info.plist */,
				35C0296380EE7BAABF13A5CA /* LaunchScreen.storyboard */,
				35C020DB961345E26BC26DDE /* AppDelegate.swift */,
				35C02135CFD97D1FCA8912E2 /* Main.storyboard */,
				35C0297893666FFAA98E9440 /* ViewController.swift */,
				35C02BA95A8EFCC68A23956A /* API */,
				35C0271B3F7DC152404ED7A1 /* Resource */,
				35C02CBE3186FEF6DB3CA646 /* Entity */,
				35C02587D1FD92CF044E1185 /* Feature */,
				35C02470735E07BD30A26DBB /* DataSource */,
				35C02668CB7F0037A0006853 /* Common */,
				35C02A01BBBAD020E16F3F24 /* HTTPClient */,
			);
			path = SearchList;
			sourceTree = "<group>";
		};
		35C029922E1C85FE53B5F53E /* SearchGithubRepository */ = {
			isa = PBXGroup;
			children = (
			);
			path = SearchGithubRepository;
			sourceTree = "<group>";
		};
		35C02A01BBBAD020E16F3F24 /* HTTPClient */ = {
			isa = PBXGroup;
			children = (
				35C024144BD9F6DAEC70B33C /* HTTPRequest.swift */,
				35C0254D1F1EE89783684A1B /* HTTPResponse.swift */,
				35C02E6B80A14B6A0E319C2D /* HTTPClient.swift */,
				35C023F11B072BC0B3223E12 /* HTTPClientError.swift */,
			);
			path = HTTPClient;
			sourceTree = "<group>";
		};
		35C02BA95A8EFCC68A23956A /* API */ = {
			isa = PBXGroup;
			children = (
				35C02344A60C0AFCE76804E7 /* GithubSearchRepositoriesAPI.swift */,
				35C023D401DD6018A27A809D /* GithubSearchRepositoriesAPI+Response.swift */,
				35C02275B45D7016D0D33277 /* GithubAPIClient */,
				35C024EB0FD68B24E5F42701 /* GithubAPIError.swift */,
			);
			path = API;
			sourceTree = "<group>";
		};
		35C02C152A760CCED019EF0E /* HTTPClient */ = {
			isa = PBXGroup;
			children = (
				35C020E6C2914E20BA02CB32 /* HTTPClientTests.swift */,
				35C02C13E78B3C60B5DB949A /* HTTPRequestTests.swift */,
				35C0213C31857FCEFFA00511 /* HTTPResponseTests.swift */,
			);
			path = HTTPClient;
			sourceTree = "<group>";
		};
		35C02CBE3186FEF6DB3CA646 /* Entity */ = {
			isa = PBXGroup;
			children = (
				35C02F35C382304B406D310B /* Github */,
			);
			path = Entity;
			sourceTree = "<group>";
		};
		35C02CEE97800CEF00C3DB53 /* Github */ = {
			isa = PBXGroup;
			children = (
				35C02E112C8DF2E9AEE1052C /* GithubRepositoryTests.swift */,
			);
			path = Github;
			sourceTree = "<group>";
		};
		35C02F35C382304B406D310B /* Github */ = {
			isa = PBXGroup;
			children = (
				35C02E3F03CA615DE56E9A0D /* GithubRepository.swift */,
				35C021895F83775B778557BA /* GithubRepositoryID.swift */,
			);
			path = Github;
			sourceTree = "<group>";
		};
		35C02F37724A1442F398F7EE = {
			isa = PBXGroup;
			children = (
				35C028C6781BDE3152F5E01F /* Products */,
				35C0297A854FA7FACB1BAEA5 /* SearchList */,
				35C025354395EBBF2CE32150 /* SearchListTests */,
				35C020834F6D5188CFA93940 /* SearchListUITests */,
				3E4A1AB820D7960C007D58D1 /* Frameworks */,
			);
			sourceTree = "<group>";
		};
		35C02FF858C83BB3365ED813 /* API */ = {
			isa = PBXGroup;
			children = (
				35C022E6213187D2D0F44E86 /* GithubSearchRepositoriesAPITests.swift */,
				35C028757C9B6B7B3F7EF65F /* Response */,
				35C0287FEBA77008EBA09290 /* GithubAPIClientTests.swift */,
			);
			path = API;
			sourceTree = "<group>";
		};
		3E4A1AB820D7960C007D58D1 /* Frameworks */ = {
			isa = PBXGroup;
			children = (
				3EC69A9920DB860000EFEB72 /* RxBlocking.framework */,
				3EC69A9A20DB860000EFEB72 /* RxSwift.framework */,
				3EC69A9420D9228B00EFEB72 /* MirrorDiffKit.framework */,
				3EC69A8720D8DD4100EFEB72 /* PromiseKit.framework */,
				3E4A1AB920D7960D007D58D1 /* Rswift.framework */,
			);
			name = Frameworks;
			sourceTree = "<group>";
		};
/* End PBXGroup section */

/* Begin PBXNativeTarget section */
		35C0292C06EF0A596903E788 /* SearchListUITests */ = {
			isa = PBXNativeTarget;
			buildConfigurationList = 35C0208CF7E72B1D4582E87F /* Build configuration list for PBXNativeTarget "SearchListUITests" */;
			buildPhases = (
				35C027B32AB85F828067A7E9 /* Sources */,
				35C02C599D89CDF588389FE1 /* Frameworks */,
				35C020F8200A98876E7F8439 /* Resources */,
			);
			buildRules = (
			);
			dependencies = (
				35C02E50A020624AF8D04B7F /* PBXTargetDependency */,
			);
			name = SearchListUITests;
			productName = SearchListUITests;
			productReference = 35C02FEC3073F90C8894673F /* SearchListUITests.xctest */;
			productType = "com.apple.product-type.bundle.ui-testing";
		};
		35C02ECBB1D44FE19C4A9976 /* SearchList */ = {
			isa = PBXNativeTarget;
			buildConfigurationList = 35C0233F94209A341B4DEC17 /* Build configuration list for PBXNativeTarget "SearchList" */;
			buildPhases = (
				3E4A1ABC20D7977E007D58D1 /* R.Swift */,
				35C025F79959CDF2846743AF /* Sources */,
				35C028C16D378C3835563954 /* Frameworks */,
				35C029E7FA55E131FA53A3E3 /* Resources */,
				3E4A1ABB20D7961C007D58D1 /* Carthage */,
			);
			buildRules = (
			);
			dependencies = (
			);
			name = SearchList;
			productName = SearchList;
			productReference = 35C02DDBBE8EC89BC7C7CAA5 /* SearchList.app */;
			productType = "com.apple.product-type.application";
		};
		35C02FD25680ABA75CDF748E /* SearchListTests */ = {
			isa = PBXNativeTarget;
			buildConfigurationList = 35C0217C0F20B81921B1F962 /* Build configuration list for PBXNativeTarget "SearchListTests" */;
			buildPhases = (
				3E4A1ABF20D7A4A0007D58D1 /* R.swift */,
				35C02BC3D38104B849EE5E2E /* Sources */,
				35C028BD0F4664979E0A8448 /* Frameworks */,
				35C02FE4B7F8BBE48E071715 /* Resources */,
			);
			buildRules = (
			);
			dependencies = (
				35C0228A3E4CB6A1E90BF9AF /* PBXTargetDependency */,
			);
			name = SearchListTests;
			productName = SearchListTests;
			productReference = 35C027C449342BB9DAC1D413 /* SearchListTests.xctest */;
			productType = "com.apple.product-type.bundle.unit-test";
		};
/* End PBXNativeTarget section */

/* Begin PBXProject section */
		35C02D073D7AB6FD7B2875D3 /* Project object */ = {
			isa = PBXProject;
			attributes = {
				ORGANIZATIONNAME = yokoyas000;
			};
			buildConfigurationList = 35C020CF901456C463293D18 /* Build configuration list for PBXProject "SearchList" */;
			compatibilityVersion = "Xcode 3.2";
			developmentRegion = English;
			hasScannedForEncodings = 0;
			knownRegions = (
				en,
			);
			mainGroup = 35C02F37724A1442F398F7EE;
			productRefGroup = 35C028C6781BDE3152F5E01F /* Products */;
			projectDirPath = "";
			projectRoot = "";
			targets = (
				35C02ECBB1D44FE19C4A9976 /* SearchList */,
				35C02FD25680ABA75CDF748E /* SearchListTests */,
				35C0292C06EF0A596903E788 /* SearchListUITests */,
			);
		};
/* End PBXProject section */

/* Begin PBXResourcesBuildPhase section */
		35C020F8200A98876E7F8439 /* Resources */ = {
			isa = PBXResourcesBuildPhase;
			buildActionMask = 2147483647;
			files = (
			);
			runOnlyForDeploymentPostprocessing = 0;
		};
		35C029E7FA55E131FA53A3E3 /* Resources */ = {
			isa = PBXResourcesBuildPhase;
			buildActionMask = 2147483647;
			files = (
				35C02C43556D29BC6890B720 /* LaunchScreen.storyboard in Resources */,
				35C028775942BFF3F48324FC /* Main.storyboard in Resources */,
				35C022A543928346E0000416 /* Assets.xcassets in Resources */,
			);
			runOnlyForDeploymentPostprocessing = 0;
		};
		35C02FE4B7F8BBE48E071715 /* Resources */ = {
			isa = PBXResourcesBuildPhase;
			buildActionMask = 2147483647;
			files = (
				35C0223867BEF45913FC22D0 /* GithubSearchRepositoriesAPIResponse.json in Resources */,
			);
			runOnlyForDeploymentPostprocessing = 0;
		};
/* End PBXResourcesBuildPhase section */

/* Begin PBXShellScriptBuildPhase section */
		3E4A1ABB20D7961C007D58D1 /* Carthage */ = {
			isa = PBXShellScriptBuildPhase;
			buildActionMask = 2147483647;
			files = (
			);
			inputPaths = (
				"$(SRCROOT)/Carthage/Build/iOS/Rswift.framework",
				"$(SRCROOT)/Carthage/Build/iOS/PromiseKit.framework",
				"$(SRCROOT)/Carthage/Build/iOS/MirrorDiffKit.framework",
				"$(SRCROOT)/Carthage/Build/iOS/RxSwift.framework",
				"$(SRCROOT)/Carthage/Build/iOS/RxBlocking.framework",
			);
			name = Carthage;
			outputPaths = (
				"$(BUILT_PRODUCTS_DIR)/$(FRAMEWORKS_FOLDER_PATH)/Rswift.framework",
				"$(BUILT_PRODUCTS_DIR)/$(FRAMEWORKS_FOLDER_PATH)/PromiseKit.framework",
				"$(BUILT_PRODUCTS_DIR)/$(FRAMEWORKS_FOLDER_PATH)/MirrorDiffKit.framework",
				"$(BUILT_PRODUCTS_DIR)/$(FRAMEWORKS_FOLDER_PATH)/RxSwift.framework",
				"$(BUILT_PRODUCTS_DIR)/$(FRAMEWORKS_FOLDER_PATH)/RxBlocking .framework",
			);
			runOnlyForDeploymentPostprocessing = 0;
			shellPath = /bin/sh;
			shellScript = "/usr/local/bin/carthage copy-frameworks";
		};
		3E4A1ABC20D7977E007D58D1 /* R.Swift */ = {
			isa = PBXShellScriptBuildPhase;
			buildActionMask = 2147483647;
			files = (
			);
			inputPaths = (
			);
			name = R.Swift;
			outputPaths = (
			);
			runOnlyForDeploymentPostprocessing = 0;
			shellPath = /bin/sh;
			shellScript = "\"$SRCROOT/rswift\" generate \"$SRCROOT/SearchList/Resource\"";
		};
		3E4A1ABF20D7A4A0007D58D1 /* R.swift */ = {
			isa = PBXShellScriptBuildPhase;
			buildActionMask = 2147483647;
			files = (
			);
			inputPaths = (
			);
			name = R.swift;
			outputPaths = (
			);
			runOnlyForDeploymentPostprocessing = 0;
			shellPath = /bin/sh;
			shellScript = "\"$SRCROOT/rswift\" generate \"$SRCROOT/SearchListTests/Resource\"";
		};
/* End PBXShellScriptBuildPhase section */

/* Begin PBXSourcesBuildPhase section */
		35C025F79959CDF2846743AF /* Sources */ = {
			isa = PBXSourcesBuildPhase;
			buildActionMask = 2147483647;
			files = (
				35C02B298695D682117AAE80 /* AppDelegate.swift in Sources */,
				35C0222AAB75B5F8853CEFE0 /* ViewController.swift in Sources */,
				35C023732E5BD0C6E9EDE9A0 /* GithubSearchRepositoriesAPI.swift in Sources */,
				3E4A1ABE20D799FC007D58D1 /* R.generated.swift in Sources */,
				35C02E5DF896FBFBB9E9B281 /* GithubRepository.swift in Sources */,
				35C0243319AA3391AEB0F4AF /* GithubRepositoryID.swift in Sources */,
				35C0246EE24A171613FEBC9C /* GithubSearchRepositoriesAPI+Response.swift in Sources */,
				35C0274DCC568FF9D633E954 /* GithubRepositoryDataSource.swift in Sources */,
				35C02FF2EC64879D1339E4E9 /* Result.swift in Sources */,
				35C02B4FF824B4B6247D2497 /* GithubAPIClient.swift in Sources */,
				35C02E16C8BF4D1BFC8D17D6 /* HTTPRequest.swift in Sources */,
				35C02FA2CEDE30FCCA07D90D /* HTTPResponse.swift in Sources */,
				35C02EF7CCF2A36689EFD2F0 /* HTTPClient.swift in Sources */,
				35C02E9E03468BA8DB482D66 /* HTTPClientError.swift in Sources */,
				35C02FFFFF508A010834030F /* GithubAPIResponse.swift in Sources */,
				35C02D952AC9F82968426487 /* GithubAPIClientError.swift in Sources */,
				35C02B2BAE37D981C47BCE99 /* GithubAPIError.swift in Sources */,
				35C02A38B0EE176056FBEF10 /* GithubAPIRequest.swift in Sources */,
			);
			runOnlyForDeploymentPostprocessing = 0;
		};
		35C027B32AB85F828067A7E9 /* Sources */ = {
			isa = PBXSourcesBuildPhase;
			buildActionMask = 2147483647;
			files = (
				35C025892CCA35846B954948 /* SearchListUITests.swift in Sources */,
			);
			runOnlyForDeploymentPostprocessing = 0;
		};
		35C02BC3D38104B849EE5E2E /* Sources */ = {
			isa = PBXSourcesBuildPhase;
			buildActionMask = 2147483647;
			files = (
				35C02871CDDEA5C2A699B7C6 /* SearchListTests.swift in Sources */,
				35C0224B2E4415EE1DC04125 /* GithubSearchRepositoriesAPITests.swift in Sources */,
				35C0253E3A1FEB12B1479179 /* GithubSearchRepositoriesAPIResponseTests.swift in Sources */,
				35C02D230AE58D027B3D7353 /* JsonReader.swift in Sources */,
				3E4A1AC120D7A518007D58D1 /* R.generated.swift in Sources */,
				35C027BB3446CB627D2C7DB4 /* GithubRepositoryTests.swift in Sources */,
				35C020F7A7BB0A3AC7673D76 /* GithubSearchRepositoriesAPIResponseCatalog.swift in Sources */,
				35C026E145780947A13AFA2D /* PromiseTestKit.swift in Sources */,
				35C02AA49DA06730DCFB2A30 /* GithubRepositoryDataSourceTests.swift in Sources */,
				35C02AB0D52FF7AF550D4910 /* GithubAPIClientTests.swift in Sources */,
				35C02C6BED4E94327121E10A /* HTTPClientTests.swift in Sources */,
				35C0266427B0369F2A1E0C49 /* HTTPRequestTests.swift in Sources */,
				35C0295CD886AE4C89C22718 /* HTTPResponseTests.swift in Sources */,
			);
			runOnlyForDeploymentPostprocessing = 0;
		};
/* End PBXSourcesBuildPhase section */

/* Begin PBXTargetDependency section */
		35C0228A3E4CB6A1E90BF9AF /* PBXTargetDependency */ = {
			isa = PBXTargetDependency;
			target = 35C02ECBB1D44FE19C4A9976 /* SearchList */;
			targetProxy = 35C02D4AC321A4185B3BBCE0 /* PBXContainerItemProxy */;
		};
		35C02E50A020624AF8D04B7F /* PBXTargetDependency */ = {
			isa = PBXTargetDependency;
			target = 35C02ECBB1D44FE19C4A9976 /* SearchList */;
			targetProxy = 35C0228CE48A015FBB6D121C /* PBXContainerItemProxy */;
		};
/* End PBXTargetDependency section */

/* Begin PBXVariantGroup section */
		35C02135CFD97D1FCA8912E2 /* Main.storyboard */ = {
			isa = PBXVariantGroup;
			children = (
				35C02660421713D33778F940 /* Base */,
			);
			name = Main.storyboard;
			sourceTree = "<group>";
		};
		35C0296380EE7BAABF13A5CA /* LaunchScreen.storyboard */ = {
			isa = PBXVariantGroup;
			children = (
				35C02C7EFA4835D698D0642A /* Base */,
			);
			name = LaunchScreen.storyboard;
			sourceTree = "<group>";
		};
/* End PBXVariantGroup section */

/* Begin XCBuildConfiguration section */
		35C020D39068749C2E88665A /* Debug */ = {
			isa = XCBuildConfiguration;
			buildSettings = {
				BUNDLE_LOADER = "$(BUILT_PRODUCTS_DIR)/SearchList.app/SearchList";
				FRAMEWORK_SEARCH_PATHS = (
					"$(inherited)",
					"$(PROJECT_DIR)/Carthage/Build/iOS",
				);
				INFOPLIST_FILE = SearchListTests/Info.plist;
				LD_RUNPATH_SEARCH_PATHS = "$(inherited) @executable_path/Frameworks @loader_path/Frameworks";
				PRODUCT_BUNDLE_IDENTIFIER = yokoyas000.SearchListTests;
				PRODUCT_NAME = "$(TARGET_NAME)";
				SWIFT_VERSION = 4.0;
				TARGETED_DEVICE_FAMILY = "1,2";
				TEST_HOST = "$(BUNDLE_LOADER)";
			};
			name = Debug;
		};
		35C022EF3500FFF25BDF30E5 /* Release */ = {
			isa = XCBuildConfiguration;
			buildSettings = {
				INFOPLIST_FILE = SearchListUITests/Info.plist;
				LD_RUNPATH_SEARCH_PATHS = "$(inherited) @executable_path/Frameworks @loader_path/Frameworks";
				PRODUCT_BUNDLE_IDENTIFIER = yokoyas000.SearchListUITests;
				PRODUCT_NAME = "$(TARGET_NAME)";
				SWIFT_VERSION = 4.0;
				TARGETED_DEVICE_FAMILY = "1,2";
				TEST_TARGET_NAME = SearchList;
			};
			name = Release;
		};
		35C0283D6B6A3873C4AF1491 /* Release */ = {
			isa = XCBuildConfiguration;
			buildSettings = {
				ALWAYS_SEARCH_USER_PATHS = NO;
				CLANG_ANALYZER_NONNULL = YES;
				CLANG_ANALYZER_NUMBER_OBJECT_CONVERSION = YES_AGGRESSIVE;
				CLANG_CXX_LANGUAGE_STANDARD = "gnu++14";
				CLANG_CXX_LIBRARY = "libc++";
				CLANG_ENABLE_MODULES = YES;
				CLANG_ENABLE_OBJC_ARC = YES;
				CLANG_ENABLE_OBJC_WEAK = YES;
				CLANG_WARN_BLOCK_CAPTURE_AUTORELEASING = YES;
				CLANG_WARN_BOOL_CONVERSION = YES;
				CLANG_WARN_COMMA = YES;
				CLANG_WARN_CONSTANT_CONVERSION = YES;
				CLANG_WARN_DEPRECATED_OBJC_IMPLEMENTATIONS = YES;
				CLANG_WARN_DIRECT_OBJC_ISA_USAGE = YES_ERROR;
				CLANG_WARN_DOCUMENTATION_COMMENTS = YES;
				CLANG_WARN_EMPTY_BODY = YES;
				CLANG_WARN_ENUM_CONVERSION = YES;
				CLANG_WARN_INFINITE_RECURSION = YES;
				CLANG_WARN_INT_CONVERSION = YES;
				CLANG_WARN_NON_LITERAL_NULL_CONVERSION = YES;
				CLANG_WARN_OBJC_IMPLICIT_RETAIN_SELF = YES;
				CLANG_WARN_OBJC_LITERAL_CONVERSION = YES;
				CLANG_WARN_OBJC_ROOT_CLASS = YES_ERROR;
				CLANG_WARN_RANGE_LOOP_ANALYSIS = YES;
				CLANG_WARN_STRICT_PROTOTYPES = YES;
				CLANG_WARN_SUSPICIOUS_MOVE = YES;
				CLANG_WARN_UNGUARDED_AVAILABILITY = YES_AGGRESSIVE;
				CLANG_WARN_UNREACHABLE_CODE = YES;
				CLANG_WARN__DUPLICATE_METHOD_MATCH = YES;
				CODE_SIGN_IDENTITY = "iPhone Developer";
				COPY_PHASE_STRIP = NO;
				DEBUG_INFORMATION_FORMAT = "dwarf-with-dsym";
				ENABLE_NS_ASSERTIONS = NO;
				ENABLE_STRICT_OBJC_MSGSEND = YES;
				GCC_C_LANGUAGE_STANDARD = gnu11;
				GCC_NO_COMMON_BLOCKS = YES;
				GCC_WARN_64_TO_32_BIT_CONVERSION = YES;
				GCC_WARN_ABOUT_RETURN_TYPE = YES_ERROR;
				GCC_WARN_UNDECLARED_SELECTOR = YES;
				GCC_WARN_UNINITIALIZED_AUTOS = YES_AGGRESSIVE;
				GCC_WARN_UNUSED_FUNCTION = YES;
				GCC_WARN_UNUSED_VARIABLE = YES;
				IPHONEOS_DEPLOYMENT_TARGET = 11.3;
				MTL_ENABLE_DEBUG_INFO = NO;
				SDKROOT = iphoneos;
				SWIFT_OPTIMIZATION_LEVEL = "-Owholemodule";
				VALIDATE_PRODUCT = YES;
			};
			name = Release;
		};
		35C0289AF6E6B402868E85F0 /* Release */ = {
			isa = XCBuildConfiguration;
			buildSettings = {
				ASSETCATALOG_COMPILER_APPICON_NAME = AppIcon;
				FRAMEWORK_SEARCH_PATHS = (
					"$(inherited)",
					"$(PROJECT_DIR)/Carthage/Build/iOS",
				);
				INFOPLIST_FILE = SearchList/Info.plist;
				LD_RUNPATH_SEARCH_PATHS = "$(inherited) @executable_path/Frameworks";
				PRODUCT_BUNDLE_IDENTIFIER = yokoyas000.SearchList;
				PRODUCT_NAME = "$(TARGET_NAME)";
				SWIFT_VERSION = 4.0;
				TARGETED_DEVICE_FAMILY = "1,2";
			};
			name = Release;
		};
		35C02A71DE4A0E2D6A9AA34A /* Release */ = {
			isa = XCBuildConfiguration;
			buildSettings = {
				BUNDLE_LOADER = "$(BUILT_PRODUCTS_DIR)/SearchList.app/SearchList";
				FRAMEWORK_SEARCH_PATHS = (
					"$(inherited)",
					"$(PROJECT_DIR)/Carthage/Build/iOS",
				);
				INFOPLIST_FILE = SearchListTests/Info.plist;
				LD_RUNPATH_SEARCH_PATHS = "$(inherited) @executable_path/Frameworks @loader_path/Frameworks";
				PRODUCT_BUNDLE_IDENTIFIER = yokoyas000.SearchListTests;
				PRODUCT_NAME = "$(TARGET_NAME)";
				SWIFT_VERSION = 4.0;
				TARGETED_DEVICE_FAMILY = "1,2";
				TEST_HOST = "$(BUNDLE_LOADER)";
			};
			name = Release;
		};
		35C02F3E8BC51B680BF166BE /* Debug */ = {
			isa = XCBuildConfiguration;
			buildSettings = {
				ASSETCATALOG_COMPILER_APPICON_NAME = AppIcon;
				FRAMEWORK_SEARCH_PATHS = (
					"$(inherited)",
					"$(PROJECT_DIR)/Carthage/Build/iOS",
				);
				INFOPLIST_FILE = SearchList/Info.plist;
				LD_RUNPATH_SEARCH_PATHS = "$(inherited) @executable_path/Frameworks";
				PRODUCT_BUNDLE_IDENTIFIER = yokoyas000.SearchList;
				PRODUCT_NAME = "$(TARGET_NAME)";
				SWIFT_VERSION = 4.0;
				TARGETED_DEVICE_FAMILY = "1,2";
			};
			name = Debug;
		};
		35C02F6CD1C0D7217C857C93 /* Debug */ = {
			isa = XCBuildConfiguration;
			buildSettings = {
				INFOPLIST_FILE = SearchListUITests/Info.plist;
				LD_RUNPATH_SEARCH_PATHS = "$(inherited) @executable_path/Frameworks @loader_path/Frameworks";
				PRODUCT_BUNDLE_IDENTIFIER = yokoyas000.SearchListUITests;
				PRODUCT_NAME = "$(TARGET_NAME)";
				SWIFT_VERSION = 4.0;
				TARGETED_DEVICE_FAMILY = "1,2";
				TEST_TARGET_NAME = SearchList;
			};
			name = Debug;
		};
		35C02FAF6D0ACE63CDBA7689 /* Debug */ = {
			isa = XCBuildConfiguration;
			buildSettings = {
				ALWAYS_SEARCH_USER_PATHS = NO;
				CLANG_ANALYZER_NONNULL = YES;
				CLANG_ANALYZER_NUMBER_OBJECT_CONVERSION = YES_AGGRESSIVE;
				CLANG_CXX_LANGUAGE_STANDARD = "gnu++14";
				CLANG_CXX_LIBRARY = "libc++";
				CLANG_ENABLE_MODULES = YES;
				CLANG_ENABLE_OBJC_ARC = YES;
				CLANG_ENABLE_OBJC_WEAK = YES;
				CLANG_WARN_BLOCK_CAPTURE_AUTORELEASING = YES;
				CLANG_WARN_BOOL_CONVERSION = YES;
				CLANG_WARN_COMMA = YES;
				CLANG_WARN_CONSTANT_CONVERSION = YES;
				CLANG_WARN_DEPRECATED_OBJC_IMPLEMENTATIONS = YES;
				CLANG_WARN_DIRECT_OBJC_ISA_USAGE = YES_ERROR;
				CLANG_WARN_DOCUMENTATION_COMMENTS = YES;
				CLANG_WARN_EMPTY_BODY = YES;
				CLANG_WARN_ENUM_CONVERSION = YES;
				CLANG_WARN_INFINITE_RECURSION = YES;
				CLANG_WARN_INT_CONVERSION = YES;
				CLANG_WARN_NON_LITERAL_NULL_CONVERSION = YES;
				CLANG_WARN_OBJC_IMPLICIT_RETAIN_SELF = YES;
				CLANG_WARN_OBJC_LITERAL_CONVERSION = YES;
				CLANG_WARN_OBJC_ROOT_CLASS = YES_ERROR;
				CLANG_WARN_RANGE_LOOP_ANALYSIS = YES;
				CLANG_WARN_STRICT_PROTOTYPES = YES;
				CLANG_WARN_SUSPICIOUS_MOVE = YES;
				CLANG_WARN_UNGUARDED_AVAILABILITY = YES_AGGRESSIVE;
				CLANG_WARN_UNREACHABLE_CODE = YES;
				CLANG_WARN__DUPLICATE_METHOD_MATCH = YES;
				CODE_SIGN_IDENTITY = "iPhone Developer";
				COPY_PHASE_STRIP = NO;
				DEBUG_INFORMATION_FORMAT = dwarf;
				ENABLE_STRICT_OBJC_MSGSEND = YES;
				ENABLE_TESTABILITY = YES;
				GCC_C_LANGUAGE_STANDARD = gnu11;
				GCC_DYNAMIC_NO_PIC = NO;
				GCC_NO_COMMON_BLOCKS = YES;
				GCC_OPTIMIZATION_LEVEL = 0;
				GCC_PREPROCESSOR_DEFINITIONS = (
					"DEBUG=1",
					"$(inherited)",
				);
				GCC_WARN_64_TO_32_BIT_CONVERSION = YES;
				GCC_WARN_ABOUT_RETURN_TYPE = YES_ERROR;
				GCC_WARN_UNDECLARED_SELECTOR = YES;
				GCC_WARN_UNINITIALIZED_AUTOS = YES_AGGRESSIVE;
				GCC_WARN_UNUSED_FUNCTION = YES;
				GCC_WARN_UNUSED_VARIABLE = YES;
				IPHONEOS_DEPLOYMENT_TARGET = 11.3;
				MTL_ENABLE_DEBUG_INFO = YES;
				ONLY_ACTIVE_ARCH = YES;
				SDKROOT = iphoneos;
				SWIFT_ACTIVE_COMPILATION_CONDITIONS = DEBUG;
				SWIFT_OPTIMIZATION_LEVEL = "-Onone";
			};
			name = Debug;
		};
/* End XCBuildConfiguration section */

/* Begin XCConfigurationList section */
		35C0208CF7E72B1D4582E87F /* Build configuration list for PBXNativeTarget "SearchListUITests" */ = {
			isa = XCConfigurationList;
			buildConfigurations = (
				35C02F6CD1C0D7217C857C93 /* Debug */,
				35C022EF3500FFF25BDF30E5 /* Release */,
			);
			defaultConfigurationIsVisible = 0;
			defaultConfigurationName = Release;
		};
		35C020CF901456C463293D18 /* Build configuration list for PBXProject "SearchList" */ = {
			isa = XCConfigurationList;
			buildConfigurations = (
				35C02FAF6D0ACE63CDBA7689 /* Debug */,
				35C0283D6B6A3873C4AF1491 /* Release */,
			);
			defaultConfigurationIsVisible = 0;
			defaultConfigurationName = Release;
		};
		35C0217C0F20B81921B1F962 /* Build configuration list for PBXNativeTarget "SearchListTests" */ = {
			isa = XCConfigurationList;
			buildConfigurations = (
				35C020D39068749C2E88665A /* Debug */,
				35C02A71DE4A0E2D6A9AA34A /* Release */,
			);
			defaultConfigurationIsVisible = 0;
			defaultConfigurationName = Release;
		};
		35C0233F94209A341B4DEC17 /* Build configuration list for PBXNativeTarget "SearchList" */ = {
			isa = XCConfigurationList;
			buildConfigurations = (
				35C02F3E8BC51B680BF166BE /* Debug */,
				35C0289AF6E6B402868E85F0 /* Release */,
			);
			defaultConfigurationIsVisible = 0;
			defaultConfigurationName = Release;
		};
/* End XCConfigurationList section */
	};
	rootObject = 35C02D073D7AB6FD7B2875D3 /* Project object */;
}
