// !$*UTF8*$!
{
	archiveVersion = 1;
	classes = {
	};
	objectVersion = 46;
	objects = {

/* Begin PBXBuildFile section */
		1C65CAB06D2D962235E7F615 /* Pods_SearchList.framework in Frameworks */ = {isa = PBXBuildFile; fileRef = 19F40B3FE9333D54BDC7217D /* Pods_SearchList.framework */; };
		35C020AF2422EA55C5D48526 /* SearchGithubRepositoriesNavigator.swift in Sources */ = {isa = PBXBuildFile; fileRef = 35C02FE9E0C9C320661512BF /* SearchGithubRepositoriesNavigator.swift */; };
		35C02149F8FBC304C9783344 /* GithubAPIClient.swift in Sources */ = {isa = PBXBuildFile; fileRef = 35C0239A441852DED1AE52AE /* GithubAPIClient.swift */; };
		35C021CA927F3E379FE507C0 /* GithubAPIClientError.swift in Sources */ = {isa = PBXBuildFile; fileRef = 35C02A0B30337486BF4ED8B4 /* GithubAPIClientError.swift */; };
		35C021EE104EF9CF62059BA7 /* SearchGithubRepositoriesUseCase.swift in Sources */ = {isa = PBXBuildFile; fileRef = 35C0297712C98E1A19A9E69E /* SearchGithubRepositoriesUseCase.swift */; };
		35C0221114A6C9658755104D /* SearchGithubRepositoriesButton.swift in Sources */ = {isa = PBXBuildFile; fileRef = 35C02919608C9A9ECE7EEC90 /* SearchGithubRepositoriesButton.swift */; };
		35C022A543928346E0000416 /* Assets.xcassets in Resources */ = {isa = PBXBuildFile; fileRef = 35C02DFC8D1585C20283244A /* Assets.xcassets */; };
		35C022C9BA4A71D9D2ACAED3 /* SearchGithubRepositoriesViewController.swift in Sources */ = {isa = PBXBuildFile; fileRef = 35C02932E1A93C8FF930DF22 /* SearchGithubRepositoriesViewController.swift */; };
		35C022D9046987EE49995C17 /* HTTPClient.swift in Sources */ = {isa = PBXBuildFile; fileRef = 35C025553CD528B3E5567599 /* HTTPClient.swift */; };
		35C023164E74FEFFEC31F66A /* GithubRepositoriesListStateTests.swift in Sources */ = {isa = PBXBuildFile; fileRef = 35C0270EEDCE5007933D0887 /* GithubRepositoriesListStateTests.swift */; };
		35C0234C79AC2586D3B20C80 /* Const.swift in Sources */ = {isa = PBXBuildFile; fileRef = 35C02BF3527232B6972B42B6 /* Const.swift */; };
		35C0243319AA3391AEB0F4AF /* GithubRepositoryID.swift in Sources */ = {isa = PBXBuildFile; fileRef = 35C021895F83775B778557BA /* GithubRepositoryID.swift */; };
		35C02436AAE62E9016996020 /* GithubRepositoriesListViewController.storyboard in Resources */ = {isa = PBXBuildFile; fileRef = 35C0234185E8DB6AC0AD4980 /* GithubRepositoriesListViewController.storyboard */; };
		35C02544C5C6FE91377A8457 /* SearchGithubRepositoriesState.swift in Sources */ = {isa = PBXBuildFile; fileRef = 35C027C2FF77FF630DC910EC /* SearchGithubRepositoriesState.swift */; };
		35C02579473CFD7F4DAB2B92 /* DataSourceError.swift in Sources */ = {isa = PBXBuildFile; fileRef = 35C024E55C61A3BEAE9CE29B /* DataSourceError.swift */; };
		35C025892CCA35846B954948 /* SearchListUITests.swift in Sources */ = {isa = PBXBuildFile; fileRef = 35C026D7CD12A52D712B08EC /* SearchListUITests.swift */; };
		35C026350B67282F9071B1CD /* GithubSearchRepositoriesAPIResponseTests.swift in Sources */ = {isa = PBXBuildFile; fileRef = 35C025B4BD2245F8B673C7B8 /* GithubSearchRepositoriesAPIResponseTests.swift */; };
		35C0266427B0369F2A1E0C49 /* HTTPRequestTests.swift in Sources */ = {isa = PBXBuildFile; fileRef = 35C02C13E78B3C60B5DB949A /* HTTPRequestTests.swift */; };
		35C0266AC780B336070C1530 /* SearchGithubRepositoriesController.swift in Sources */ = {isa = PBXBuildFile; fileRef = 35C02FF619CC961A3E93FA68 /* SearchGithubRepositoriesController.swift */; };
		35C026D27CDF6141572CABCB /* GithubRepositoriesListState.swift in Sources */ = {isa = PBXBuildFile; fileRef = 35C02EAD1F065D2402ECF4D2 /* GithubRepositoriesListState.swift */; };
		35C026E145780947A13AFA2D /* PromiseTestKit.swift in Sources */ = {isa = PBXBuildFile; fileRef = 35C02D23C45977DA22B1FC26 /* PromiseTestKit.swift */; };
		35C0274DCC568FF9D633E954 /* GithubRepositoryDataSource.swift in Sources */ = {isa = PBXBuildFile; fileRef = 35C02261692B71A308B1E6FD /* GithubRepositoryDataSource.swift */; };
		35C027A12B55A157008C06BB /* SearchGithubRepositoriesTextState.swift in Sources */ = {isa = PBXBuildFile; fileRef = 35C02E511A22A84CAAF5C027 /* SearchGithubRepositoriesTextState.swift */; };
		35C027BB3446CB627D2C7DB4 /* GithubRepositoryTests.swift in Sources */ = {isa = PBXBuildFile; fileRef = 35C02E112C8DF2E9AEE1052C /* GithubRepositoryTests.swift */; };
		35C027EB7AA6D1D7B32F26B0 /* GithubRepositoriesListUseCase.swift in Sources */ = {isa = PBXBuildFile; fileRef = 35C029CD4DD8F1B5F32D676E /* GithubRepositoriesListUseCase.swift */; };
		35C0280B53C8F3981710D146 /* HTTPClientError.swift in Sources */ = {isa = PBXBuildFile; fileRef = 35C02A7D63D72D8BE3E053D5 /* HTTPClientError.swift */; };
		35C02810C6BA886463FD5518 /* SearchGithubRepositoriesView.xib in Resources */ = {isa = PBXBuildFile; fileRef = 35C02411BDFD6B0C86F64073 /* SearchGithubRepositoriesView.xib */; };
		35C02862D70ED700CF84F3BB /* SearchGithubRepositoriesRenderer.swift in Sources */ = {isa = PBXBuildFile; fileRef = 35C02220B3C17231B4FF087E /* SearchGithubRepositoriesRenderer.swift */; };
		35C02871CDDEA5C2A699B7C6 /* SearchListTests.swift in Sources */ = {isa = PBXBuildFile; fileRef = 35C028E9EF5E3C274B394068 /* SearchListTests.swift */; };
		35C028A0EE048595F271C173 /* GithubSearchRepositoriesAPIResponse.json in Resources */ = {isa = PBXBuildFile; fileRef = 35C024D9135576CAC3A7CB22 /* GithubSearchRepositoriesAPIResponse.json */; };
		35C028AA552E598FC92666E4 /* HTTPResponse.swift in Sources */ = {isa = PBXBuildFile; fileRef = 35C026F05CC67597B1A674CF /* HTTPResponse.swift */; };
		35C0295CD886AE4C89C22718 /* HTTPResponseTests.swift in Sources */ = {isa = PBXBuildFile; fileRef = 35C0213C31857FCEFFA00511 /* HTTPResponseTests.swift */; };
		35C029AFFE5897061898D202 /* GithubRepositoriesListController.swift in Sources */ = {isa = PBXBuildFile; fileRef = 35C02CF1C2992C49B0D8C32E /* GithubRepositoriesListController.swift */; };
		35C029BF37B230212E40CE44 /* GithubRepositoriesListRenderer.swift in Sources */ = {isa = PBXBuildFile; fileRef = 35C02E0F7966CCB814248561 /* GithubRepositoriesListRenderer.swift */; };
		35C029E24C5CC59288BEC47A /* GithubRepositoryDataSourceTestDouble.swift in Sources */ = {isa = PBXBuildFile; fileRef = 35C02B7FD72BE14D623FECA6 /* GithubRepositoryDataSourceTestDouble.swift */; };
		35C02B0295CB9A691A303911 /* GithubAPIResponse.swift in Sources */ = {isa = PBXBuildFile; fileRef = 35C02FEC5BD6BCB02EBD8238 /* GithubAPIResponse.swift */; };
		35C02B298695D682117AAE80 /* AppDelegate.swift in Sources */ = {isa = PBXBuildFile; fileRef = 35C020DB961345E26BC26DDE /* AppDelegate.swift */; };
		35C02BD822805AF8E5030916 /* HTTPRequest.swift in Sources */ = {isa = PBXBuildFile; fileRef = 35C02DC686B7E8EFF174C03A /* HTTPRequest.swift */; };
		35C02BE49AE14E82C3031A72 /* GithubAPIClientTests.swift in Sources */ = {isa = PBXBuildFile; fileRef = 35C02B4F8C428B2AC5539E5C /* GithubAPIClientTests.swift */; };
		35C02C43556D29BC6890B720 /* LaunchScreen.storyboard in Resources */ = {isa = PBXBuildFile; fileRef = 35C0296380EE7BAABF13A5CA /* LaunchScreen.storyboard */; };
		35C02C6BED4E94327121E10A /* HTTPClientTests.swift in Sources */ = {isa = PBXBuildFile; fileRef = 35C020E6C2914E20BA02CB32 /* HTTPClientTests.swift */; };
		35C02CB572700A49F9B2E626 /* GithubSearchRepositoriesAPIResponseCatalog.swift in Sources */ = {isa = PBXBuildFile; fileRef = 35C02116CF28657AB88582CA /* GithubSearchRepositoriesAPIResponseCatalog.swift */; };
		35C02CC287AFB8D010A362CA /* SearchGithubRepositoriesParams.swift in Sources */ = {isa = PBXBuildFile; fileRef = 35C026B9B576D84BE7E2B7B3 /* SearchGithubRepositoriesParams.swift */; };
		35C02CC59FD1CB7044167ACC /* Navigator.swift in Sources */ = {isa = PBXBuildFile; fileRef = 35C02D0974431DAF1B552D47 /* Navigator.swift */; };
		35C02CF058B1966429176CDF /* GithubAPIRequest.swift in Sources */ = {isa = PBXBuildFile; fileRef = 35C02C0A741FD95FDCEE4216 /* GithubAPIRequest.swift */; };
		35C02D230AE58D027B3D7353 /* JsonReader.swift in Sources */ = {isa = PBXBuildFile; fileRef = 35C0269193A51D46A4873288 /* JsonReader.swift */; };
		35C02D29AE52A15098E9D4EC /* GithubSearchRepositoriesAPI+Response.swift in Sources */ = {isa = PBXBuildFile; fileRef = 35C0265447C545FF4EF5ABB6 /* GithubSearchRepositoriesAPI+Response.swift */; };
		35C02D6CED7C5A59E7DF772D /* SearchGithubRepositoriesView.swift in Sources */ = {isa = PBXBuildFile; fileRef = 35C02E248B1925A169D7D3C5 /* SearchGithubRepositoriesView.swift */; };
		35C02DFD971102EB5B725207 /* GithubSearchRepositoriesAPITests.swift in Sources */ = {isa = PBXBuildFile; fileRef = 35C023F38F6B765066EA3B35 /* GithubSearchRepositoriesAPITests.swift */; };
		35C02E5451F795A815B4D9B1 /* GithubSearchRepositoriesAPI.swift in Sources */ = {isa = PBXBuildFile; fileRef = 35C025AA3EF81E50163E5B77 /* GithubSearchRepositoriesAPI.swift */; };
		35C02E5BBC3D99E35C303AD6 /* Store.swift in Sources */ = {isa = PBXBuildFile; fileRef = 35C02FD709B7AAC6C7FB85C8 /* Store.swift */; };
		35C02E5DF896FBFBB9E9B281 /* GithubRepository.swift in Sources */ = {isa = PBXBuildFile; fileRef = 35C02E3F03CA615DE56E9A0D /* GithubRepository.swift */; };
		35C02EF422A4BD35F0AAEA1D /* GithubRepositoriesListUseCaseTests.swift in Sources */ = {isa = PBXBuildFile; fileRef = 35C0244EE9A84AFF2131ADCF /* GithubRepositoriesListUseCaseTests.swift */; };
		35C02F83D6207BAD0F66468C /* SearchGithubRepositoriesTextUseCase.swift in Sources */ = {isa = PBXBuildFile; fileRef = 35C02A5966FC495BACD313E1 /* SearchGithubRepositoriesTextUseCase.swift */; };
		35C02FF2EC64879D1339E4E9 /* Result.swift in Sources */ = {isa = PBXBuildFile; fileRef = 35C0280D31C78DB460B2AEB8 /* Result.swift */; };
		3E4A1ABE20D799FC007D58D1 /* R.generated.swift in Sources */ = {isa = PBXBuildFile; fileRef = 3E4A1ABD20D799FC007D58D1 /* R.generated.swift */; };
		3E4A1AC120D7A518007D58D1 /* R.generated.swift in Sources */ = {isa = PBXBuildFile; fileRef = 3E4A1AC020D7A518007D58D1 /* R.generated.swift */; };
		3EC69A9620D922D200EFEB72 /* Rswift.framework in Frameworks */ = {isa = PBXBuildFile; fileRef = 3E4A1AB920D7960D007D58D1 /* Rswift.framework */; };
		3EC69A9720D922D500EFEB72 /* PromiseKit.framework in Frameworks */ = {isa = PBXBuildFile; fileRef = 3EC69A8720D8DD4100EFEB72 /* PromiseKit.framework */; };
		3EC69A9820D922D800EFEB72 /* MirrorDiffKit.framework in Frameworks */ = {isa = PBXBuildFile; fileRef = 3EC69A9420D9228B00EFEB72 /* MirrorDiffKit.framework */; };
		3EC69A9B20DB860000EFEB72 /* RxBlocking.framework in Frameworks */ = {isa = PBXBuildFile; fileRef = 3EC69A9920DB860000EFEB72 /* RxBlocking.framework */; };
		3EC69A9C20DB860000EFEB72 /* RxSwift.framework in Frameworks */ = {isa = PBXBuildFile; fileRef = 3EC69A9A20DB860000EFEB72 /* RxSwift.framework */; };
		3EF1752020DF77C6005CC653 /* SearchGithubRepositoriesViewController.storyboard in Resources */ = {isa = PBXBuildFile; fileRef = 3EF1751F20DF77C6005CC653 /* SearchGithubRepositoriesViewController.storyboard */; };
		3EF1752720DFF68A005CC653 /* GithubRepositoriesListViewController.swift in Sources */ = {isa = PBXBuildFile; fileRef = 3EF1752220DFF68A005CC653 /* GithubRepositoriesListViewController.swift */; };
		3EF1752C20E1CEB8005CC653 /* GithubRepositoriesListCell.xib in Resources */ = {isa = PBXBuildFile; fileRef = 3EF1752B20E1CEB8005CC653 /* GithubRepositoriesListCell.xib */; };
		3EF1752E20E1CF5A005CC653 /* GithubRepositoriesListCell.swift in Sources */ = {isa = PBXBuildFile; fileRef = 3EF1752D20E1CF5A005CC653 /* GithubRepositoriesListCell.swift */; };
		5F7DFC4F557F769EAA310CE0 /* Pods_SearchListTests.framework in Frameworks */ = {isa = PBXBuildFile; fileRef = AB6BC7221F921FE34DE53746 /* Pods_SearchListTests.framework */; };
		82E6E16066518513D00EE1FA /* Pods_SearchListUITests.framework in Frameworks */ = {isa = PBXBuildFile; fileRef = F10EAB651CF1F3ABCC17B397 /* Pods_SearchListUITests.framework */; };
/* End PBXBuildFile section */

/* Begin PBXContainerItemProxy section */
		35C0228CE48A015FBB6D121C /* PBXContainerItemProxy */ = {
			isa = PBXContainerItemProxy;
			containerPortal = 35C02D073D7AB6FD7B2875D3 /* Project object */;
			proxyType = 1;
			remoteGlobalIDString = 35C02ECBB1D44FE19C4A9976;
			remoteInfo = SearchList;
		};
		35C02D4AC321A4185B3BBCE0 /* PBXContainerItemProxy */ = {
			isa = PBXContainerItemProxy;
			containerPortal = 35C02D073D7AB6FD7B2875D3 /* Project object */;
			proxyType = 1;
			remoteGlobalIDString = 35C02ECBB1D44FE19C4A9976;
			remoteInfo = SearchList;
		};
/* End PBXContainerItemProxy section */

/* Begin PBXFileReference section */
		19F40B3FE9333D54BDC7217D /* Pods_SearchList.framework */ = {isa = PBXFileReference; explicitFileType = wrapper.framework; includeInIndex = 0; path = Pods_SearchList.framework; sourceTree = BUILT_PRODUCTS_DIR; };
		35C020DB961345E26BC26DDE /* AppDelegate.swift */ = {isa = PBXFileReference; lastKnownFileType = sourcecode.swift; path = AppDelegate.swift; sourceTree = "<group>"; };
		35C020E6C2914E20BA02CB32 /* HTTPClientTests.swift */ = {isa = PBXFileReference; fileEncoding = 4; lastKnownFileType = sourcecode.swift; path = HTTPClientTests.swift; sourceTree = "<group>"; };
		35C02116CF28657AB88582CA /* GithubSearchRepositoriesAPIResponseCatalog.swift */ = {isa = PBXFileReference; fileEncoding = 4; lastKnownFileType = sourcecode.swift; path = GithubSearchRepositoriesAPIResponseCatalog.swift; sourceTree = "<group>"; };
		35C0213C31857FCEFFA00511 /* HTTPResponseTests.swift */ = {isa = PBXFileReference; fileEncoding = 4; lastKnownFileType = sourcecode.swift; path = HTTPResponseTests.swift; sourceTree = "<group>"; };
		35C021895F83775B778557BA /* GithubRepositoryID.swift */ = {isa = PBXFileReference; fileEncoding = 4; lastKnownFileType = sourcecode.swift; path = GithubRepositoryID.swift; sourceTree = "<group>"; };
		35C02220B3C17231B4FF087E /* SearchGithubRepositoriesRenderer.swift */ = {isa = PBXFileReference; fileEncoding = 4; lastKnownFileType = sourcecode.swift; path = SearchGithubRepositoriesRenderer.swift; sourceTree = "<group>"; };
		35C02261692B71A308B1E6FD /* GithubRepositoryDataSource.swift */ = {isa = PBXFileReference; fileEncoding = 4; lastKnownFileType = sourcecode.swift; path = GithubRepositoryDataSource.swift; sourceTree = "<group>"; };
		35C0234185E8DB6AC0AD4980 /* GithubRepositoriesListViewController.storyboard */ = {isa = PBXFileReference; lastKnownFileType = file.storyboard; path = GithubRepositoriesListViewController.storyboard; sourceTree = "<group>"; };
		35C0239A441852DED1AE52AE /* GithubAPIClient.swift */ = {isa = PBXFileReference; fileEncoding = 4; lastKnownFileType = sourcecode.swift; path = GithubAPIClient.swift; sourceTree = "<group>"; };
		35C023F38F6B765066EA3B35 /* GithubSearchRepositoriesAPITests.swift */ = {isa = PBXFileReference; fileEncoding = 4; lastKnownFileType = sourcecode.swift; path = GithubSearchRepositoriesAPITests.swift; sourceTree = "<group>"; };
		35C02411BDFD6B0C86F64073 /* SearchGithubRepositoriesView.xib */ = {isa = PBXFileReference; lastKnownFileType = file.xib; path = SearchGithubRepositoriesView.xib; sourceTree = "<group>"; };
		35C0244EE9A84AFF2131ADCF /* GithubRepositoriesListUseCaseTests.swift */ = {isa = PBXFileReference; fileEncoding = 4; lastKnownFileType = sourcecode.swift; path = GithubRepositoriesListUseCaseTests.swift; sourceTree = "<group>"; };
		35C024D9135576CAC3A7CB22 /* GithubSearchRepositoriesAPIResponse.json */ = {isa = PBXFileReference; fileEncoding = 4; lastKnownFileType = text.json; path = GithubSearchRepositoriesAPIResponse.json; sourceTree = "<group>"; };
		35C024E55C61A3BEAE9CE29B /* DataSourceError.swift */ = {isa = PBXFileReference; fileEncoding = 4; lastKnownFileType = sourcecode.swift; path = DataSourceError.swift; sourceTree = "<group>"; };
		35C025553CD528B3E5567599 /* HTTPClient.swift */ = {isa = PBXFileReference; fileEncoding = 4; lastKnownFileType = sourcecode.swift; path = HTTPClient.swift; sourceTree = "<group>"; };
		35C025AA3EF81E50163E5B77 /* GithubSearchRepositoriesAPI.swift */ = {isa = PBXFileReference; fileEncoding = 4; lastKnownFileType = sourcecode.swift; path = GithubSearchRepositoriesAPI.swift; sourceTree = "<group>"; };
		35C025B4BD2245F8B673C7B8 /* GithubSearchRepositoriesAPIResponseTests.swift */ = {isa = PBXFileReference; fileEncoding = 4; lastKnownFileType = sourcecode.swift; path = GithubSearchRepositoriesAPIResponseTests.swift; sourceTree = "<group>"; };
		35C025B88D29A2A52C6B35E9 /* Info.plist */ = {isa = PBXFileReference; lastKnownFileType = text.plist.info; path = Info.plist; sourceTree = "<group>"; };
		35C0265447C545FF4EF5ABB6 /* GithubSearchRepositoriesAPI+Response.swift */ = {isa = PBXFileReference; fileEncoding = 4; lastKnownFileType = sourcecode.swift; path = "GithubSearchRepositoriesAPI+Response.swift"; sourceTree = "<group>"; };
		35C0269193A51D46A4873288 /* JsonReader.swift */ = {isa = PBXFileReference; fileEncoding = 4; lastKnownFileType = sourcecode.swift; path = JsonReader.swift; sourceTree = "<group>"; };
		35C026B9B576D84BE7E2B7B3 /* SearchGithubRepositoriesParams.swift */ = {isa = PBXFileReference; fileEncoding = 4; lastKnownFileType = sourcecode.swift; path = SearchGithubRepositoriesParams.swift; sourceTree = "<group>"; };
		35C026D7CD12A52D712B08EC /* SearchListUITests.swift */ = {isa = PBXFileReference; lastKnownFileType = sourcecode.swift; path = SearchListUITests.swift; sourceTree = "<group>"; };
		35C026F05CC67597B1A674CF /* HTTPResponse.swift */ = {isa = PBXFileReference; fileEncoding = 4; lastKnownFileType = sourcecode.swift; path = HTTPResponse.swift; sourceTree = "<group>"; };
		35C0270EEDCE5007933D0887 /* GithubRepositoriesListStateTests.swift */ = {isa = PBXFileReference; fileEncoding = 4; lastKnownFileType = sourcecode.swift; path = GithubRepositoriesListStateTests.swift; sourceTree = "<group>"; };
		35C027C2FF77FF630DC910EC /* SearchGithubRepositoriesState.swift */ = {isa = PBXFileReference; fileEncoding = 4; lastKnownFileType = sourcecode.swift; path = SearchGithubRepositoriesState.swift; sourceTree = "<group>"; };
		35C027C449342BB9DAC1D413 /* SearchListTests.xctest */ = {isa = PBXFileReference; explicitFileType = wrapper.cfbundle; includeInIndex = 0; path = SearchListTests.xctest; sourceTree = BUILT_PRODUCTS_DIR; };
		35C0280D31C78DB460B2AEB8 /* Result.swift */ = {isa = PBXFileReference; fileEncoding = 4; lastKnownFileType = sourcecode.swift; path = Result.swift; sourceTree = "<group>"; };
		35C028E9EF5E3C274B394068 /* SearchListTests.swift */ = {isa = PBXFileReference; lastKnownFileType = sourcecode.swift; path = SearchListTests.swift; sourceTree = "<group>"; };
		35C02919608C9A9ECE7EEC90 /* SearchGithubRepositoriesButton.swift */ = {isa = PBXFileReference; fileEncoding = 4; lastKnownFileType = sourcecode.swift; path = SearchGithubRepositoriesButton.swift; sourceTree = "<group>"; };
		35C02932E1A93C8FF930DF22 /* SearchGithubRepositoriesViewController.swift */ = {isa = PBXFileReference; fileEncoding = 4; lastKnownFileType = sourcecode.swift; path = SearchGithubRepositoriesViewController.swift; sourceTree = "<group>"; };
		35C0297712C98E1A19A9E69E /* SearchGithubRepositoriesUseCase.swift */ = {isa = PBXFileReference; fileEncoding = 4; lastKnownFileType = sourcecode.swift; path = SearchGithubRepositoriesUseCase.swift; sourceTree = "<group>"; };
		35C029CD4DD8F1B5F32D676E /* GithubRepositoriesListUseCase.swift */ = {isa = PBXFileReference; fileEncoding = 4; lastKnownFileType = sourcecode.swift; path = GithubRepositoriesListUseCase.swift; sourceTree = "<group>"; };
		35C02A059A960A8C0CD9989D /* Info.plist */ = {isa = PBXFileReference; lastKnownFileType = text.plist.info; path = Info.plist; sourceTree = "<group>"; };
		35C02A0B30337486BF4ED8B4 /* GithubAPIClientError.swift */ = {isa = PBXFileReference; fileEncoding = 4; lastKnownFileType = sourcecode.swift; path = GithubAPIClientError.swift; sourceTree = "<group>"; };
		35C02A5966FC495BACD313E1 /* SearchGithubRepositoriesTextUseCase.swift */ = {isa = PBXFileReference; fileEncoding = 4; lastKnownFileType = sourcecode.swift; path = SearchGithubRepositoriesTextUseCase.swift; sourceTree = "<group>"; };
		35C02A7D63D72D8BE3E053D5 /* HTTPClientError.swift */ = {isa = PBXFileReference; fileEncoding = 4; lastKnownFileType = sourcecode.swift; path = HTTPClientError.swift; sourceTree = "<group>"; };
		35C02B4F8C428B2AC5539E5C /* GithubAPIClientTests.swift */ = {isa = PBXFileReference; fileEncoding = 4; lastKnownFileType = sourcecode.swift; path = GithubAPIClientTests.swift; sourceTree = "<group>"; };
		35C02B7FD72BE14D623FECA6 /* GithubRepositoryDataSourceTestDouble.swift */ = {isa = PBXFileReference; fileEncoding = 4; lastKnownFileType = sourcecode.swift; path = GithubRepositoryDataSourceTestDouble.swift; sourceTree = "<group>"; };
		35C02BF3527232B6972B42B6 /* Const.swift */ = {isa = PBXFileReference; fileEncoding = 4; lastKnownFileType = sourcecode.swift; path = Const.swift; sourceTree = "<group>"; };
		35C02C0A741FD95FDCEE4216 /* GithubAPIRequest.swift */ = {isa = PBXFileReference; fileEncoding = 4; lastKnownFileType = sourcecode.swift; path = GithubAPIRequest.swift; sourceTree = "<group>"; };
		35C02C13E78B3C60B5DB949A /* HTTPRequestTests.swift */ = {isa = PBXFileReference; fileEncoding = 4; lastKnownFileType = sourcecode.swift; path = HTTPRequestTests.swift; sourceTree = "<group>"; };
		35C02C7EFA4835D698D0642A /* Base */ = {isa = PBXFileReference; lastKnownFileType = file.storyboard; name = Base; path = Base.lproj/LaunchScreen.storyboard; sourceTree = "<group>"; };
		35C02CF1C2992C49B0D8C32E /* GithubRepositoriesListController.swift */ = {isa = PBXFileReference; fileEncoding = 4; lastKnownFileType = sourcecode.swift; path = GithubRepositoriesListController.swift; sourceTree = "<group>"; };
		35C02D0974431DAF1B552D47 /* Navigator.swift */ = {isa = PBXFileReference; fileEncoding = 4; lastKnownFileType = sourcecode.swift; path = Navigator.swift; sourceTree = "<group>"; };
		35C02D23C45977DA22B1FC26 /* PromiseTestKit.swift */ = {isa = PBXFileReference; fileEncoding = 4; lastKnownFileType = sourcecode.swift; path = PromiseTestKit.swift; sourceTree = "<group>"; };
		35C02DC686B7E8EFF174C03A /* HTTPRequest.swift */ = {isa = PBXFileReference; fileEncoding = 4; lastKnownFileType = sourcecode.swift; path = HTTPRequest.swift; sourceTree = "<group>"; };
		35C02DDBBE8EC89BC7C7CAA5 /* SearchList.app */ = {isa = PBXFileReference; explicitFileType = wrapper.application; includeInIndex = 0; path = SearchList.app; sourceTree = BUILT_PRODUCTS_DIR; };
		35C02DFC8D1585C20283244A /* Assets.xcassets */ = {isa = PBXFileReference; lastKnownFileType = folder.assetcatalog; path = Assets.xcassets; sourceTree = "<group>"; };
		35C02E0F7966CCB814248561 /* GithubRepositoriesListRenderer.swift */ = {isa = PBXFileReference; fileEncoding = 4; lastKnownFileType = sourcecode.swift; path = GithubRepositoriesListRenderer.swift; sourceTree = "<group>"; };
		35C02E112C8DF2E9AEE1052C /* GithubRepositoryTests.swift */ = {isa = PBXFileReference; fileEncoding = 4; lastKnownFileType = sourcecode.swift; path = GithubRepositoryTests.swift; sourceTree = "<group>"; };
		35C02E248B1925A169D7D3C5 /* SearchGithubRepositoriesView.swift */ = {isa = PBXFileReference; fileEncoding = 4; lastKnownFileType = sourcecode.swift; path = SearchGithubRepositoriesView.swift; sourceTree = "<group>"; };
		35C02E3F03CA615DE56E9A0D /* GithubRepository.swift */ = {isa = PBXFileReference; fileEncoding = 4; lastKnownFileType = sourcecode.swift; path = GithubRepository.swift; sourceTree = "<group>"; };
		35C02E511A22A84CAAF5C027 /* SearchGithubRepositoriesTextState.swift */ = {isa = PBXFileReference; fileEncoding = 4; lastKnownFileType = sourcecode.swift; path = SearchGithubRepositoriesTextState.swift; sourceTree = "<group>"; };
		35C02EAD1F065D2402ECF4D2 /* GithubRepositoriesListState.swift */ = {isa = PBXFileReference; fileEncoding = 4; lastKnownFileType = sourcecode.swift; path = GithubRepositoriesListState.swift; sourceTree = "<group>"; };
		35C02F97211995B1A9037CE1 /* Info.plist */ = {isa = PBXFileReference; lastKnownFileType = text.plist.info; path = Info.plist; sourceTree = "<group>"; };
		35C02FD709B7AAC6C7FB85C8 /* Store.swift */ = {isa = PBXFileReference; fileEncoding = 4; lastKnownFileType = sourcecode.swift; path = Store.swift; sourceTree = "<group>"; };
		35C02FE9E0C9C320661512BF /* SearchGithubRepositoriesNavigator.swift */ = {isa = PBXFileReference; fileEncoding = 4; lastKnownFileType = sourcecode.swift; path = SearchGithubRepositoriesNavigator.swift; sourceTree = "<group>"; };
		35C02FEC3073F90C8894673F /* SearchListUITests.xctest */ = {isa = PBXFileReference; explicitFileType = wrapper.cfbundle; includeInIndex = 0; path = SearchListUITests.xctest; sourceTree = BUILT_PRODUCTS_DIR; };
		35C02FEC5BD6BCB02EBD8238 /* GithubAPIResponse.swift */ = {isa = PBXFileReference; fileEncoding = 4; lastKnownFileType = sourcecode.swift; path = GithubAPIResponse.swift; sourceTree = "<group>"; };
		35C02FF619CC961A3E93FA68 /* SearchGithubRepositoriesController.swift */ = {isa = PBXFileReference; fileEncoding = 4; lastKnownFileType = sourcecode.swift; path = SearchGithubRepositoriesController.swift; sourceTree = "<group>"; };
		3E4A1AB920D7960D007D58D1 /* Rswift.framework */ = {isa = PBXFileReference; lastKnownFileType = wrapper.framework; name = Rswift.framework; path = Carthage/Build/iOS/Rswift.framework; sourceTree = "<group>"; };
		3E4A1ABD20D799FC007D58D1 /* R.generated.swift */ = {isa = PBXFileReference; fileEncoding = 4; lastKnownFileType = sourcecode.swift; path = R.generated.swift; sourceTree = "<group>"; };
		3E4A1AC020D7A518007D58D1 /* R.generated.swift */ = {isa = PBXFileReference; fileEncoding = 4; lastKnownFileType = sourcecode.swift; path = R.generated.swift; sourceTree = "<group>"; };
		3EC69A8720D8DD4100EFEB72 /* PromiseKit.framework */ = {isa = PBXFileReference; lastKnownFileType = wrapper.framework; name = PromiseKit.framework; path = Carthage/Build/iOS/PromiseKit.framework; sourceTree = "<group>"; };
		3EC69A9420D9228B00EFEB72 /* MirrorDiffKit.framework */ = {isa = PBXFileReference; lastKnownFileType = wrapper.framework; name = MirrorDiffKit.framework; path = Carthage/Build/iOS/MirrorDiffKit.framework; sourceTree = "<group>"; };
		3EC69A9920DB860000EFEB72 /* RxBlocking.framework */ = {isa = PBXFileReference; lastKnownFileType = wrapper.framework; name = RxBlocking.framework; path = Carthage/Build/iOS/RxBlocking.framework; sourceTree = "<group>"; };
		3EC69A9A20DB860000EFEB72 /* RxSwift.framework */ = {isa = PBXFileReference; lastKnownFileType = wrapper.framework; name = RxSwift.framework; path = Carthage/Build/iOS/RxSwift.framework; sourceTree = "<group>"; };
		3EF1751F20DF77C6005CC653 /* SearchGithubRepositoriesViewController.storyboard */ = {isa = PBXFileReference; lastKnownFileType = file.storyboard; path = SearchGithubRepositoriesViewController.storyboard; sourceTree = "<group>"; };
		3EF1752220DFF68A005CC653 /* GithubRepositoriesListViewController.swift */ = {isa = PBXFileReference; fileEncoding = 4; lastKnownFileType = sourcecode.swift; path = GithubRepositoriesListViewController.swift; sourceTree = "<group>"; };
		3EF1752B20E1CEB8005CC653 /* GithubRepositoriesListCell.xib */ = {isa = PBXFileReference; lastKnownFileType = file.xib; path = GithubRepositoriesListCell.xib; sourceTree = "<group>"; };
		3EF1752D20E1CF5A005CC653 /* GithubRepositoriesListCell.swift */ = {isa = PBXFileReference; lastKnownFileType = sourcecode.swift; path = GithubRepositoriesListCell.swift; sourceTree = "<group>"; };
		4212835B05AE081724F43637 /* Pods-SearchList.debug.xcconfig */ = {isa = PBXFileReference; includeInIndex = 1; lastKnownFileType = text.xcconfig; name = "Pods-SearchList.debug.xcconfig"; path = "Pods/Target Support Files/Pods-SearchList/Pods-SearchList.debug.xcconfig"; sourceTree = "<group>"; };
		5E086E10C3FA113B0961220A /* Pods-SearchListUITests.debug.xcconfig */ = {isa = PBXFileReference; includeInIndex = 1; lastKnownFileType = text.xcconfig; name = "Pods-SearchListUITests.debug.xcconfig"; path = "Pods/Target Support Files/Pods-SearchListUITests/Pods-SearchListUITests.debug.xcconfig"; sourceTree = "<group>"; };
		71190B39585C52ED4592492A /* Pods-SearchListUITests.release.xcconfig */ = {isa = PBXFileReference; includeInIndex = 1; lastKnownFileType = text.xcconfig; name = "Pods-SearchListUITests.release.xcconfig"; path = "Pods/Target Support Files/Pods-SearchListUITests/Pods-SearchListUITests.release.xcconfig"; sourceTree = "<group>"; };
		92569D5AC8DB308F67426454 /* Pods-SearchList.release.xcconfig */ = {isa = PBXFileReference; includeInIndex = 1; lastKnownFileType = text.xcconfig; name = "Pods-SearchList.release.xcconfig"; path = "Pods/Target Support Files/Pods-SearchList/Pods-SearchList.release.xcconfig"; sourceTree = "<group>"; };
		99D39E02C98FCBFF96D923F5 /* Pods-SearchListTests.debug.xcconfig */ = {isa = PBXFileReference; includeInIndex = 1; lastKnownFileType = text.xcconfig; name = "Pods-SearchListTests.debug.xcconfig"; path = "Pods/Target Support Files/Pods-SearchListTests/Pods-SearchListTests.debug.xcconfig"; sourceTree = "<group>"; };
		AB6BC7221F921FE34DE53746 /* Pods_SearchListTests.framework */ = {isa = PBXFileReference; explicitFileType = wrapper.framework; includeInIndex = 0; path = Pods_SearchListTests.framework; sourceTree = BUILT_PRODUCTS_DIR; };
		DE4A7F14CE8F4EE825F1A395 /* Pods-SearchListTests.release.xcconfig */ = {isa = PBXFileReference; includeInIndex = 1; lastKnownFileType = text.xcconfig; name = "Pods-SearchListTests.release.xcconfig"; path = "Pods/Target Support Files/Pods-SearchListTests/Pods-SearchListTests.release.xcconfig"; sourceTree = "<group>"; };
		F10EAB651CF1F3ABCC17B397 /* Pods_SearchListUITests.framework */ = {isa = PBXFileReference; explicitFileType = wrapper.framework; includeInIndex = 0; path = Pods_SearchListUITests.framework; sourceTree = BUILT_PRODUCTS_DIR; };
/* End PBXFileReference section */

/* Begin PBXFrameworksBuildPhase section */
		35C028BD0F4664979E0A8448 /* Frameworks */ = {
			isa = PBXFrameworksBuildPhase;
			buildActionMask = 2147483647;
			files = (
				5F7DFC4F557F769EAA310CE0 /* Pods_SearchListTests.framework in Frameworks */,
			);
			runOnlyForDeploymentPostprocessing = 0;
		};
		35C028C16D378C3835563954 /* Frameworks */ = {
			isa = PBXFrameworksBuildPhase;
			buildActionMask = 2147483647;
			files = (
				3EC69A9B20DB860000EFEB72 /* RxBlocking.framework in Frameworks */,
				3EC69A9C20DB860000EFEB72 /* RxSwift.framework in Frameworks */,
				3EC69A9620D922D200EFEB72 /* Rswift.framework in Frameworks */,
				3EC69A9720D922D500EFEB72 /* PromiseKit.framework in Frameworks */,
				3EC69A9820D922D800EFEB72 /* MirrorDiffKit.framework in Frameworks */,
				1C65CAB06D2D962235E7F615 /* Pods_SearchList.framework in Frameworks */,
			);
			runOnlyForDeploymentPostprocessing = 0;
		};
		35C02C599D89CDF588389FE1 /* Frameworks */ = {
			isa = PBXFrameworksBuildPhase;
			buildActionMask = 2147483647;
			files = (
				82E6E16066518513D00EE1FA /* Pods_SearchListUITests.framework in Frameworks */,
			);
			runOnlyForDeploymentPostprocessing = 0;
		};
/* End PBXFrameworksBuildPhase section */

/* Begin PBXGroup section */
		35C02002C5FD083377AFFD0B /* SearchGithubRepositories */ = {
			isa = PBXGroup;
			children = (
				35C02932E1A93C8FF930DF22 /* SearchGithubRepositoriesViewController.swift */,
				35C02789748EFE9B139AF8B7 /* UserInterface */,
				35C02D685F5AAEAA59FE861E /* Domain */,
			);
			path = SearchGithubRepositories;
			sourceTree = "<group>";
		};
		35C020513BBD722DFA3CC8E4 /* DataSource */ = {
			isa = PBXGroup;
			children = (
				35C02D6482C26547B2A1D487 /* API */,
				35C02B7FD72BE14D623FECA6 /* GithubRepositoryDataSourceTestDouble.swift */,
			);
			path = DataSource;
			sourceTree = "<group>";
		};
		35C0207CC9E8D5B6F543C153 /* GithubSearchRepositories */ = {
			isa = PBXGroup;
			children = (
				35C024D9135576CAC3A7CB22 /* GithubSearchRepositoriesAPIResponse.json */,
				35C025B4BD2245F8B673C7B8 /* GithubSearchRepositoriesAPIResponseTests.swift */,
				35C02116CF28657AB88582CA /* GithubSearchRepositoriesAPIResponseCatalog.swift */,
			);
			path = GithubSearchRepositories;
			sourceTree = "<group>";
		};
		35C020834F6D5188CFA93940 /* SearchListUITests */ = {
			isa = PBXGroup;
			children = (
				35C025B88D29A2A52C6B35E9 /* Info.plist */,
				35C026D7CD12A52D712B08EC /* SearchListUITests.swift */,
			);
			path = SearchListUITests;
			sourceTree = "<group>";
		};
		35C02253D8D1E8C0D85AF753 /* View */ = {
			isa = PBXGroup;
			children = (
				35C0234185E8DB6AC0AD4980 /* GithubRepositoriesListViewController.storyboard */,
				3EF1752B20E1CEB8005CC653 /* GithubRepositoriesListCell.xib */,
				3EF1752D20E1CF5A005CC653 /* GithubRepositoriesListCell.swift */,
			);
			path = View;
			sourceTree = "<group>";
		};
		35C02362CD95C9DCC2A8D953 /* GithubRepositoriesList */ = {
			isa = PBXGroup;
			children = (
				35C0244EE9A84AFF2131ADCF /* GithubRepositoriesListUseCaseTests.swift */,
				35C0270EEDCE5007933D0887 /* GithubRepositoriesListStateTests.swift */,
			);
			path = GithubRepositoriesList;
			sourceTree = "<group>";
		};
		35C023DB199BD2ADD79D38C0 /* Resource */ = {
			isa = PBXGroup;
			children = (
				35C0269193A51D46A4873288 /* JsonReader.swift */,
				3E4A1AC020D7A518007D58D1 /* R.generated.swift */,
			);
			path = Resource;
			sourceTree = "<group>";
		};
		35C024198A4183EFD56FD654 /* View */ = {
			isa = PBXGroup;
			children = (
				35C02411BDFD6B0C86F64073 /* SearchGithubRepositoriesView.xib */,
				35C02E248B1925A169D7D3C5 /* SearchGithubRepositoriesView.swift */,
				35C02919608C9A9ECE7EEC90 /* SearchGithubRepositoriesButton.swift */,
				3EF1751F20DF77C6005CC653 /* SearchGithubRepositoriesViewController.storyboard */,
			);
			path = View;
			sourceTree = "<group>";
		};
		35C02470735E07BD30A26DBB /* DataSource */ = {
			isa = PBXGroup;
			children = (
				35C02261692B71A308B1E6FD /* GithubRepositoryDataSource.swift */,
				35C024E55C61A3BEAE9CE29B /* DataSourceError.swift */,
				35C02A7CD3B7A02F0EF9279F /* API */,
				35C02482AF1CA14A0AD0875B /* HTTPClient */,
			);
			path = DataSource;
			sourceTree = "<group>";
		};
		35C02482AF1CA14A0AD0875B /* HTTPClient */ = {
			isa = PBXGroup;
			children = (
				35C02DC686B7E8EFF174C03A /* HTTPRequest.swift */,
				35C026F05CC67597B1A674CF /* HTTPResponse.swift */,
				35C025553CD528B3E5567599 /* HTTPClient.swift */,
				35C02A7D63D72D8BE3E053D5 /* HTTPClientError.swift */,
			);
			path = HTTPClient;
			sourceTree = "<group>";
		};
		35C025354395EBBF2CE32150 /* SearchListTests */ = {
			isa = PBXGroup;
			children = (
				35C02F97211995B1A9037CE1 /* Info.plist */,
				35C028E9EF5E3C274B394068 /* SearchListTests.swift */,
				35C023DB199BD2ADD79D38C0 /* Resource */,
				35C026764F9EF7550DC1F3F0 /* Entity */,
				35C02D23C45977DA22B1FC26 /* PromiseTestKit.swift */,
				35C020513BBD722DFA3CC8E4 /* DataSource */,
				35C027F456407C2D68C52ACF /* Feature */,
				35C02C152A760CCED019EF0E /* HTTPClient */,
			);
			path = SearchListTests;
			sourceTree = "<group>";
		};
		35C02587D1FD92CF044E1185 /* Feature */ = {
			isa = PBXGroup;
			children = (
				3EF1752120DFF68A005CC653 /* GithubRepositoriesList */,
				35C02002C5FD083377AFFD0B /* SearchGithubRepositories */,
			);
			path = Feature;
			sourceTree = "<group>";
		};
		35C02668CB7F0037A0006853 /* Common */ = {
			isa = PBXGroup;
			children = (
				35C0280D31C78DB460B2AEB8 /* Result.swift */,
				35C02FD709B7AAC6C7FB85C8 /* Store.swift */,
				35C02D0974431DAF1B552D47 /* Navigator.swift */,
			);
			path = Common;
			sourceTree = "<group>";
		};
		35C026764F9EF7550DC1F3F0 /* Entity */ = {
			isa = PBXGroup;
			children = (
				35C02CEE97800CEF00C3DB53 /* Github */,
			);
			path = Entity;
			sourceTree = "<group>";
		};
		35C0271B3F7DC152404ED7A1 /* Resource */ = {
			isa = PBXGroup;
			children = (
				35C02DFC8D1585C20283244A /* Assets.xcassets */,
				3E4A1ABD20D799FC007D58D1 /* R.generated.swift */,
			);
			path = Resource;
			sourceTree = "<group>";
		};
		35C02789748EFE9B139AF8B7 /* UserInterface */ = {
			isa = PBXGroup;
			children = (
				35C02FF619CC961A3E93FA68 /* SearchGithubRepositoriesController.swift */,
				35C02220B3C17231B4FF087E /* SearchGithubRepositoriesRenderer.swift */,
				35C024198A4183EFD56FD654 /* View */,
				35C02FE9E0C9C320661512BF /* SearchGithubRepositoriesNavigator.swift */,
			);
			path = UserInterface;
			sourceTree = "<group>";
		};
		35C027F456407C2D68C52ACF /* Feature */ = {
			isa = PBXGroup;
			children = (
				35C029922E1C85FE53B5F53E /* SearchGithubRepository */,
				35C02362CD95C9DCC2A8D953 /* GithubRepositoriesList */,
			);
			path = Feature;
			sourceTree = "<group>";
		};
		35C028C6781BDE3152F5E01F /* Products */ = {
			isa = PBXGroup;
			children = (
				35C02DDBBE8EC89BC7C7CAA5 /* SearchList.app */,
				35C027C449342BB9DAC1D413 /* SearchListTests.xctest */,
				35C02FEC3073F90C8894673F /* SearchListUITests.xctest */,
			);
			name = Products;
			sourceTree = "<group>";
		};
		35C0297A854FA7FACB1BAEA5 /* SearchList */ = {
			isa = PBXGroup;
			children = (
				35C02A059A960A8C0CD9989D /* Info.plist */,
				35C0296380EE7BAABF13A5CA /* LaunchScreen.storyboard */,
				35C020DB961345E26BC26DDE /* AppDelegate.swift */,
				35C0271B3F7DC152404ED7A1 /* Resource */,
				35C02CBE3186FEF6DB3CA646 /* Entity */,
				35C02587D1FD92CF044E1185 /* Feature */,
				35C02470735E07BD30A26DBB /* DataSource */,
				35C02668CB7F0037A0006853 /* Common */,
				35C02DF66D0CC0A3BE838106 /* Const */,
			);
			path = SearchList;
			sourceTree = "<group>";
		};
		35C029922E1C85FE53B5F53E /* SearchGithubRepository */ = {
			isa = PBXGroup;
			children = (
			);
			path = SearchGithubRepository;
			sourceTree = "<group>";
		};
		35C02A7CD3B7A02F0EF9279F /* API */ = {
			isa = PBXGroup;
			children = (
				35C025AA3EF81E50163E5B77 /* GithubSearchRepositoriesAPI.swift */,
				35C0265447C545FF4EF5ABB6 /* GithubSearchRepositoriesAPI+Response.swift */,
				35C02CAF8A8D05AAAB45C1A9 /* GithubAPIClient */,
			);
			path = API;
			sourceTree = "<group>";
		};
		35C02C152A760CCED019EF0E /* HTTPClient */ = {
			isa = PBXGroup;
			children = (
				35C020E6C2914E20BA02CB32 /* HTTPClientTests.swift */,
				35C02C13E78B3C60B5DB949A /* HTTPRequestTests.swift */,
				35C0213C31857FCEFFA00511 /* HTTPResponseTests.swift */,
			);
			path = HTTPClient;
			sourceTree = "<group>";
		};
		35C02CAF8A8D05AAAB45C1A9 /* GithubAPIClient */ = {
			isa = PBXGroup;
			children = (
				35C0239A441852DED1AE52AE /* GithubAPIClient.swift */,
				35C02FEC5BD6BCB02EBD8238 /* GithubAPIResponse.swift */,
				35C02A0B30337486BF4ED8B4 /* GithubAPIClientError.swift */,
				35C02C0A741FD95FDCEE4216 /* GithubAPIRequest.swift */,
			);
			path = GithubAPIClient;
			sourceTree = "<group>";
		};
		35C02CBE3186FEF6DB3CA646 /* Entity */ = {
			isa = PBXGroup;
			children = (
				35C02F35C382304B406D310B /* Github */,
			);
			path = Entity;
			sourceTree = "<group>";
		};
		35C02CD253259F1BB3E5494F /* Domain */ = {
			isa = PBXGroup;
			children = (
				35C029CD4DD8F1B5F32D676E /* GithubRepositoriesListUseCase.swift */,
				35C02EAD1F065D2402ECF4D2 /* GithubRepositoriesListState.swift */,
			);
			path = Domain;
			sourceTree = "<group>";
		};
		35C02CD8F164B79B84CC855A /* Response */ = {
			isa = PBXGroup;
			children = (
				35C0207CC9E8D5B6F543C153 /* GithubSearchRepositories */,
			);
			path = Response;
			sourceTree = "<group>";
		};
		35C02CEE97800CEF00C3DB53 /* Github */ = {
			isa = PBXGroup;
			children = (
				35C02E112C8DF2E9AEE1052C /* GithubRepositoryTests.swift */,
			);
			path = Github;
			sourceTree = "<group>";
		};
		35C02D6482C26547B2A1D487 /* API */ = {
			isa = PBXGroup;
			children = (
				35C023F38F6B765066EA3B35 /* GithubSearchRepositoriesAPITests.swift */,
				35C02CD8F164B79B84CC855A /* Response */,
				35C02B4F8C428B2AC5539E5C /* GithubAPIClientTests.swift */,
			);
			path = API;
			sourceTree = "<group>";
		};
		35C02D685F5AAEAA59FE861E /* Domain */ = {
			isa = PBXGroup;
			children = (
				35C027C2FF77FF630DC910EC /* SearchGithubRepositoriesState.swift */,
				35C02A5966FC495BACD313E1 /* SearchGithubRepositoriesTextUseCase.swift */,
				35C02E511A22A84CAAF5C027 /* SearchGithubRepositoriesTextState.swift */,
				35C0297712C98E1A19A9E69E /* SearchGithubRepositoriesUseCase.swift */,
			);
			path = Domain;
			sourceTree = "<group>";
		};
		35C02DF66D0CC0A3BE838106 /* Const */ = {
			isa = PBXGroup;
			children = (
				35C02BF3527232B6972B42B6 /* Const.swift */,
			);
			path = Const;
			sourceTree = "<group>";
		};
		35C02F35C382304B406D310B /* Github */ = {
			isa = PBXGroup;
			children = (
				35C02E3F03CA615DE56E9A0D /* GithubRepository.swift */,
				35C021895F83775B778557BA /* GithubRepositoryID.swift */,
				35C026B9B576D84BE7E2B7B3 /* SearchGithubRepositoriesParams.swift */,
			);
			path = Github;
			sourceTree = "<group>";
		};
		35C02F37724A1442F398F7EE = {
			isa = PBXGroup;
			children = (
				35C028C6781BDE3152F5E01F /* Products */,
				35C0297A854FA7FACB1BAEA5 /* SearchList */,
				35C025354395EBBF2CE32150 /* SearchListTests */,
				35C020834F6D5188CFA93940 /* SearchListUITests */,
				3E4A1AB820D7960C007D58D1 /* Frameworks */,
				8C2EB821CAEAD8F2DDA6FC57 /* Pods */,
			);
			sourceTree = "<group>";
		};
		3E4A1AB820D7960C007D58D1 /* Frameworks */ = {
			isa = PBXGroup;
			children = (
				3EC69A9920DB860000EFEB72 /* RxBlocking.framework */,
				3EC69A9A20DB860000EFEB72 /* RxSwift.framework */,
				3EC69A9420D9228B00EFEB72 /* MirrorDiffKit.framework */,
				3EC69A8720D8DD4100EFEB72 /* PromiseKit.framework */,
				3E4A1AB920D7960D007D58D1 /* Rswift.framework */,
				19F40B3FE9333D54BDC7217D /* Pods_SearchList.framework */,
				AB6BC7221F921FE34DE53746 /* Pods_SearchListTests.framework */,
				F10EAB651CF1F3ABCC17B397 /* Pods_SearchListUITests.framework */,
			);
			name = Frameworks;
			sourceTree = "<group>";
		};
		3EF1752120DFF68A005CC653 /* GithubRepositoriesList */ = {
			isa = PBXGroup;
			children = (
				3EF1752220DFF68A005CC653 /* GithubRepositoriesListViewController.swift */,
				3EF1752320DFF68A005CC653 /* UserInterface */,
				35C02CD253259F1BB3E5494F /* Domain */,
			);
			path = GithubRepositoriesList;
			sourceTree = "<group>";
		};
		3EF1752320DFF68A005CC653 /* UserInterface */ = {
			isa = PBXGroup;
			children = (
				35C02253D8D1E8C0D85AF753 /* View */,
				35C02E0F7966CCB814248561 /* GithubRepositoriesListRenderer.swift */,
				35C02CF1C2992C49B0D8C32E /* GithubRepositoriesListController.swift */,
			);
			path = UserInterface;
			sourceTree = "<group>";
		};
		8C2EB821CAEAD8F2DDA6FC57 /* Pods */ = {
			isa = PBXGroup;
			children = (
				4212835B05AE081724F43637 /* Pods-SearchList.debug.xcconfig */,
				92569D5AC8DB308F67426454 /* Pods-SearchList.release.xcconfig */,
				99D39E02C98FCBFF96D923F5 /* Pods-SearchListTests.debug.xcconfig */,
				DE4A7F14CE8F4EE825F1A395 /* Pods-SearchListTests.release.xcconfig */,
				5E086E10C3FA113B0961220A /* Pods-SearchListUITests.debug.xcconfig */,
				71190B39585C52ED4592492A /* Pods-SearchListUITests.release.xcconfig */,
			);
			name = Pods;
			sourceTree = "<group>";
		};
/* End PBXGroup section */

/* Begin PBXNativeTarget section */
		35C0292C06EF0A596903E788 /* SearchListUITests */ = {
			isa = PBXNativeTarget;
			buildConfigurationList = 35C0208CF7E72B1D4582E87F /* Build configuration list for PBXNativeTarget "SearchListUITests" */;
			buildPhases = (
				D5BF2DED993844324E82DBD6 /* [CP] Check Pods Manifest.lock */,
				35C027B32AB85F828067A7E9 /* Sources */,
				35C02C599D89CDF588389FE1 /* Frameworks */,
				35C020F8200A98876E7F8439 /* Resources */,
			);
			buildRules = (
			);
			dependencies = (
				35C02E50A020624AF8D04B7F /* PBXTargetDependency */,
			);
			name = SearchListUITests;
			productName = SearchListUITests;
			productReference = 35C02FEC3073F90C8894673F /* SearchListUITests.xctest */;
			productType = "com.apple.product-type.bundle.ui-testing";
		};
		35C02ECBB1D44FE19C4A9976 /* SearchList */ = {
			isa = PBXNativeTarget;
			buildConfigurationList = 35C0233F94209A341B4DEC17 /* Build configuration list for PBXNativeTarget "SearchList" */;
			buildPhases = (
				951784FA368015742D556780 /* [CP] Check Pods Manifest.lock */,
				3E4A1ABC20D7977E007D58D1 /* R.Swift */,
				35C025F79959CDF2846743AF /* Sources */,
				35C028C16D378C3835563954 /* Frameworks */,
				35C029E7FA55E131FA53A3E3 /* Resources */,
				3E4A1ABB20D7961C007D58D1 /* Carthage */,
				3E189E3420EE1CE400339AE4 /* SwiftLint */,
			);
			buildRules = (
			);
			dependencies = (
			);
			name = SearchList;
			productName = SearchList;
			productReference = 35C02DDBBE8EC89BC7C7CAA5 /* SearchList.app */;
			productType = "com.apple.product-type.application";
		};
		35C02FD25680ABA75CDF748E /* SearchListTests */ = {
			isa = PBXNativeTarget;
			buildConfigurationList = 35C0217C0F20B81921B1F962 /* Build configuration list for PBXNativeTarget "SearchListTests" */;
			buildPhases = (
				38D3B554FDD421840688ED68 /* [CP] Check Pods Manifest.lock */,
				3E4A1ABF20D7A4A0007D58D1 /* R.swift */,
				35C02BC3D38104B849EE5E2E /* Sources */,
				35C028BD0F4664979E0A8448 /* Frameworks */,
				35C02FE4B7F8BBE48E071715 /* Resources */,
			);
			buildRules = (
			);
			dependencies = (
				35C0228A3E4CB6A1E90BF9AF /* PBXTargetDependency */,
			);
			name = SearchListTests;
			productName = SearchListTests;
			productReference = 35C027C449342BB9DAC1D413 /* SearchListTests.xctest */;
			productType = "com.apple.product-type.bundle.unit-test";
		};
/* End PBXNativeTarget section */

/* Begin PBXProject section */
		35C02D073D7AB6FD7B2875D3 /* Project object */ = {
			isa = PBXProject;
			attributes = {
				ORGANIZATIONNAME = yokoyas000;
				TargetAttributes = {
					35C02ECBB1D44FE19C4A9976 = {
						DevelopmentTeam = WD76874MQJ;
						ProvisioningStyle = Manual;
					};
					35C02FD25680ABA75CDF748E = {
						DevelopmentTeam = WD76874MQJ;
					};
				};
			};
			buildConfigurationList = 35C020CF901456C463293D18 /* Build configuration list for PBXProject "SearchList" */;
			compatibilityVersion = "Xcode 3.2";
			developmentRegion = English;
			hasScannedForEncodings = 0;
			knownRegions = (
				en,
			);
			mainGroup = 35C02F37724A1442F398F7EE;
			productRefGroup = 35C028C6781BDE3152F5E01F /* Products */;
			projectDirPath = "";
			projectRoot = "";
			targets = (
				35C02ECBB1D44FE19C4A9976 /* SearchList */,
				35C02FD25680ABA75CDF748E /* SearchListTests */,
				35C0292C06EF0A596903E788 /* SearchListUITests */,
			);
		};
/* End PBXProject section */

/* Begin PBXResourcesBuildPhase section */
		35C020F8200A98876E7F8439 /* Resources */ = {
			isa = PBXResourcesBuildPhase;
			buildActionMask = 2147483647;
			files = (
			);
			runOnlyForDeploymentPostprocessing = 0;
		};
		35C029E7FA55E131FA53A3E3 /* Resources */ = {
			isa = PBXResourcesBuildPhase;
			buildActionMask = 2147483647;
			files = (
				3EF1752020DF77C6005CC653 /* SearchGithubRepositoriesViewController.storyboard in Resources */,
				35C02C43556D29BC6890B720 /* LaunchScreen.storyboard in Resources */,
				35C022A543928346E0000416 /* Assets.xcassets in Resources */,
				35C02810C6BA886463FD5518 /* SearchGithubRepositoriesView.xib in Resources */,
				3EF1752C20E1CEB8005CC653 /* GithubRepositoriesListCell.xib in Resources */,
				35C02436AAE62E9016996020 /* GithubRepositoriesListViewController.storyboard in Resources */,
			);
			runOnlyForDeploymentPostprocessing = 0;
		};
		35C02FE4B7F8BBE48E071715 /* Resources */ = {
			isa = PBXResourcesBuildPhase;
			buildActionMask = 2147483647;
			files = (
				35C028A0EE048595F271C173 /* GithubSearchRepositoriesAPIResponse.json in Resources */,
			);
			runOnlyForDeploymentPostprocessing = 0;
		};
/* End PBXResourcesBuildPhase section */

/* Begin PBXShellScriptBuildPhase section */
		38D3B554FDD421840688ED68 /* [CP] Check Pods Manifest.lock */ = {
			isa = PBXShellScriptBuildPhase;
			buildActionMask = 2147483647;
			files = (
			);
			inputPaths = (
				"${PODS_PODFILE_DIR_PATH}/Podfile.lock",
				"${PODS_ROOT}/Manifest.lock",
			);
			name = "[CP] Check Pods Manifest.lock";
			outputPaths = (
				"$(DERIVED_FILE_DIR)/Pods-SearchListTests-checkManifestLockResult.txt",
			);
			runOnlyForDeploymentPostprocessing = 0;
			shellPath = /bin/sh;
			shellScript = "diff \"${PODS_PODFILE_DIR_PATH}/Podfile.lock\" \"${PODS_ROOT}/Manifest.lock\" > /dev/null\nif [ $? != 0 ] ; then\n    # print error to STDERR\n    echo \"error: The sandbox is not in sync with the Podfile.lock. Run 'pod install' or update your CocoaPods installation.\" >&2\n    exit 1\nfi\n# This output is used by Xcode 'outputs' to avoid re-running this script phase.\necho \"SUCCESS\" > \"${SCRIPT_OUTPUT_FILE_0}\"\n";
			showEnvVarsInLog = 0;
		};
		3E189E3420EE1CE400339AE4 /* SwiftLint */ = {
			isa = PBXShellScriptBuildPhase;
			buildActionMask = 2147483647;
			files = (
			);
			inputPaths = (
			);
			name = SwiftLint;
			outputPaths = (
			);
			runOnlyForDeploymentPostprocessing = 0;
			shellPath = /bin/sh;
			shellScript = "if which \"${PODS_ROOT}/SwiftLint/swiftlint\" >/dev/null; then\n${PODS_ROOT}/SwiftLint/swiftlint\nelse\necho \"warning: SwiftLint not installed, download from https://github.com/realm/SwiftLint\"\nfi";
		};
		3E4A1ABB20D7961C007D58D1 /* Carthage */ = {
			isa = PBXShellScriptBuildPhase;
			buildActionMask = 2147483647;
			files = (
			);
			inputPaths = (
				"$(SRCROOT)/Carthage/Build/iOS/Rswift.framework",
				"$(SRCROOT)/Carthage/Build/iOS/PromiseKit.framework",
				"$(SRCROOT)/Carthage/Build/iOS/MirrorDiffKit.framework",
				"$(SRCROOT)/Carthage/Build/iOS/RxSwift.framework",
				"$(SRCROOT)/Carthage/Build/iOS/RxBlocking.framework",
			);
			name = Carthage;
			outputPaths = (
				"$(BUILT_PRODUCTS_DIR)/$(FRAMEWORKS_FOLDER_PATH)/Rswift.framework",
				"$(BUILT_PRODUCTS_DIR)/$(FRAMEWORKS_FOLDER_PATH)/PromiseKit.framework",
				"$(BUILT_PRODUCTS_DIR)/$(FRAMEWORKS_FOLDER_PATH)/MirrorDiffKit.framework",
				"$(BUILT_PRODUCTS_DIR)/$(FRAMEWORKS_FOLDER_PATH)/RxSwift.framework",
				"$(BUILT_PRODUCTS_DIR)/$(FRAMEWORKS_FOLDER_PATH)/RxBlocking .framework",
			);
			runOnlyForDeploymentPostprocessing = 0;
			shellPath = /bin/sh;
			shellScript = "/usr/local/bin/carthage copy-frameworks";
		};
		3E4A1ABC20D7977E007D58D1 /* R.Swift */ = {
			isa = PBXShellScriptBuildPhase;
			buildActionMask = 2147483647;
			files = (
			);
			inputPaths = (
			);
			name = R.Swift;
			outputPaths = (
			);
			runOnlyForDeploymentPostprocessing = 0;
			shellPath = /bin/sh;
			shellScript = "\"$SRCROOT/rswift\" generate \"$SRCROOT/SearchList/Resource\"";
		};
		3E4A1ABF20D7A4A0007D58D1 /* R.swift */ = {
			isa = PBXShellScriptBuildPhase;
			buildActionMask = 2147483647;
			files = (
			);
			inputPaths = (
			);
			name = R.swift;
			outputPaths = (
			);
			runOnlyForDeploymentPostprocessing = 0;
			shellPath = /bin/sh;
			shellScript = "\"$SRCROOT/rswift\" generate \"$SRCROOT/SearchListTests/Resource\"";
		};
		951784FA368015742D556780 /* [CP] Check Pods Manifest.lock */ = {
			isa = PBXShellScriptBuildPhase;
			buildActionMask = 2147483647;
			files = (
			);
			inputPaths = (
				"${PODS_PODFILE_DIR_PATH}/Podfile.lock",
				"${PODS_ROOT}/Manifest.lock",
			);
			name = "[CP] Check Pods Manifest.lock";
			outputPaths = (
				"$(DERIVED_FILE_DIR)/Pods-SearchList-checkManifestLockResult.txt",
			);
			runOnlyForDeploymentPostprocessing = 0;
			shellPath = /bin/sh;
			shellScript = "diff \"${PODS_PODFILE_DIR_PATH}/Podfile.lock\" \"${PODS_ROOT}/Manifest.lock\" > /dev/null\nif [ $? != 0 ] ; then\n    # print error to STDERR\n    echo \"error: The sandbox is not in sync with the Podfile.lock. Run 'pod install' or update your CocoaPods installation.\" >&2\n    exit 1\nfi\n# This output is used by Xcode 'outputs' to avoid re-running this script phase.\necho \"SUCCESS\" > \"${SCRIPT_OUTPUT_FILE_0}\"\n";
			showEnvVarsInLog = 0;
		};
		D5BF2DED993844324E82DBD6 /* [CP] Check Pods Manifest.lock */ = {
			isa = PBXShellScriptBuildPhase;
			buildActionMask = 2147483647;
			files = (
			);
			inputPaths = (
				"${PODS_PODFILE_DIR_PATH}/Podfile.lock",
				"${PODS_ROOT}/Manifest.lock",
			);
			name = "[CP] Check Pods Manifest.lock";
			outputPaths = (
				"$(DERIVED_FILE_DIR)/Pods-SearchListUITests-checkManifestLockResult.txt",
			);
			runOnlyForDeploymentPostprocessing = 0;
			shellPath = /bin/sh;
			shellScript = "diff \"${PODS_PODFILE_DIR_PATH}/Podfile.lock\" \"${PODS_ROOT}/Manifest.lock\" > /dev/null\nif [ $? != 0 ] ; then\n    # print error to STDERR\n    echo \"error: The sandbox is not in sync with the Podfile.lock. Run 'pod install' or update your CocoaPods installation.\" >&2\n    exit 1\nfi\n# This output is used by Xcode 'outputs' to avoid re-running this script phase.\necho \"SUCCESS\" > \"${SCRIPT_OUTPUT_FILE_0}\"\n";
			showEnvVarsInLog = 0;
		};
/* End PBXShellScriptBuildPhase section */

/* Begin PBXSourcesBuildPhase section */
		35C025F79959CDF2846743AF /* Sources */ = {
			isa = PBXSourcesBuildPhase;
			buildActionMask = 2147483647;
			files = (
				35C02B298695D682117AAE80 /* AppDelegate.swift in Sources */,
				3E4A1ABE20D799FC007D58D1 /* R.generated.swift in Sources */,
				35C02E5DF896FBFBB9E9B281 /* GithubRepository.swift in Sources */,
				35C0243319AA3391AEB0F4AF /* GithubRepositoryID.swift in Sources */,
				35C0274DCC568FF9D633E954 /* GithubRepositoryDataSource.swift in Sources */,
				35C02FF2EC64879D1339E4E9 /* Result.swift in Sources */,
				35C02E5BBC3D99E35C303AD6 /* Store.swift in Sources */,
				35C02579473CFD7F4DAB2B92 /* DataSourceError.swift in Sources */,
				35C02E5451F795A815B4D9B1 /* GithubSearchRepositoriesAPI.swift in Sources */,
				35C02D29AE52A15098E9D4EC /* GithubSearchRepositoriesAPI+Response.swift in Sources */,
				35C02149F8FBC304C9783344 /* GithubAPIClient.swift in Sources */,
				35C02B0295CB9A691A303911 /* GithubAPIResponse.swift in Sources */,
				35C021CA927F3E379FE507C0 /* GithubAPIClientError.swift in Sources */,
				35C02CF058B1966429176CDF /* GithubAPIRequest.swift in Sources */,
				35C02BD822805AF8E5030916 /* HTTPRequest.swift in Sources */,
				35C028AA552E598FC92666E4 /* HTTPResponse.swift in Sources */,
				35C022D9046987EE49995C17 /* HTTPClient.swift in Sources */,
				35C0280B53C8F3981710D146 /* HTTPClientError.swift in Sources */,
				35C022C9BA4A71D9D2ACAED3 /* SearchGithubRepositoriesViewController.swift in Sources */,
				35C0266AC780B336070C1530 /* SearchGithubRepositoriesController.swift in Sources */,
				35C02544C5C6FE91377A8457 /* SearchGithubRepositoriesState.swift in Sources */,
				35C02862D70ED700CF84F3BB /* SearchGithubRepositoriesRenderer.swift in Sources */,
				3EF1752E20E1CF5A005CC653 /* GithubRepositoriesListCell.swift in Sources */,
				35C02D6CED7C5A59E7DF772D /* SearchGithubRepositoriesView.swift in Sources */,
				35C0221114A6C9658755104D /* SearchGithubRepositoriesButton.swift in Sources */,
				35C02F83D6207BAD0F66468C /* SearchGithubRepositoriesTextUseCase.swift in Sources */,
				3EF1752720DFF68A005CC653 /* GithubRepositoriesListViewController.swift in Sources */,
				35C027A12B55A157008C06BB /* SearchGithubRepositoriesTextState.swift in Sources */,
				35C02CC59FD1CB7044167ACC /* Navigator.swift in Sources */,
				35C029BF37B230212E40CE44 /* GithubRepositoriesListRenderer.swift in Sources */,
				35C027EB7AA6D1D7B32F26B0 /* GithubRepositoriesListUseCase.swift in Sources */,
				35C021EE104EF9CF62059BA7 /* SearchGithubRepositoriesUseCase.swift in Sources */,
				35C026D27CDF6141572CABCB /* GithubRepositoriesListState.swift in Sources */,
				35C029AFFE5897061898D202 /* GithubRepositoriesListController.swift in Sources */,
				35C02CC287AFB8D010A362CA /* SearchGithubRepositoriesParams.swift in Sources */,
				35C020AF2422EA55C5D48526 /* SearchGithubRepositoriesNavigator.swift in Sources */,
				35C0234C79AC2586D3B20C80 /* Const.swift in Sources */,
			);
			runOnlyForDeploymentPostprocessing = 0;
		};
		35C027B32AB85F828067A7E9 /* Sources */ = {
			isa = PBXSourcesBuildPhase;
			buildActionMask = 2147483647;
			files = (
				35C025892CCA35846B954948 /* SearchListUITests.swift in Sources */,
			);
			runOnlyForDeploymentPostprocessing = 0;
		};
		35C02BC3D38104B849EE5E2E /* Sources */ = {
			isa = PBXSourcesBuildPhase;
			buildActionMask = 2147483647;
			files = (
				35C02871CDDEA5C2A699B7C6 /* SearchListTests.swift in Sources */,
				35C02D230AE58D027B3D7353 /* JsonReader.swift in Sources */,
				3E4A1AC120D7A518007D58D1 /* R.generated.swift in Sources */,
				35C027BB3446CB627D2C7DB4 /* GithubRepositoryTests.swift in Sources */,
				35C026E145780947A13AFA2D /* PromiseTestKit.swift in Sources */,
				35C02C6BED4E94327121E10A /* HTTPClientTests.swift in Sources */,
				35C0266427B0369F2A1E0C49 /* HTTPRequestTests.swift in Sources */,
				35C0295CD886AE4C89C22718 /* HTTPResponseTests.swift in Sources */,
				35C02DFD971102EB5B725207 /* GithubSearchRepositoriesAPITests.swift in Sources */,
				35C026350B67282F9071B1CD /* GithubSearchRepositoriesAPIResponseTests.swift in Sources */,
				35C02CB572700A49F9B2E626 /* GithubSearchRepositoriesAPIResponseCatalog.swift in Sources */,
				35C02BE49AE14E82C3031A72 /* GithubAPIClientTests.swift in Sources */,
				35C02EF422A4BD35F0AAEA1D /* GithubRepositoriesListUseCaseTests.swift in Sources */,
				35C029E24C5CC59288BEC47A /* GithubRepositoryDataSourceTestDouble.swift in Sources */,
				35C023164E74FEFFEC31F66A /* GithubRepositoriesListStateTests.swift in Sources */,
			);
			runOnlyForDeploymentPostprocessing = 0;
		};
/* End PBXSourcesBuildPhase section */

/* Begin PBXTargetDependency section */
		35C0228A3E4CB6A1E90BF9AF /* PBXTargetDependency */ = {
			isa = PBXTargetDependency;
			target = 35C02ECBB1D44FE19C4A9976 /* SearchList */;
			targetProxy = 35C02D4AC321A4185B3BBCE0 /* PBXContainerItemProxy */;
		};
		35C02E50A020624AF8D04B7F /* PBXTargetDependency */ = {
			isa = PBXTargetDependency;
			target = 35C02ECBB1D44FE19C4A9976 /* SearchList */;
			targetProxy = 35C0228CE48A015FBB6D121C /* PBXContainerItemProxy */;
		};
/* End PBXTargetDependency section */

/* Begin PBXVariantGroup section */
		35C0296380EE7BAABF13A5CA /* LaunchScreen.storyboard */ = {
			isa = PBXVariantGroup;
			children = (
				35C02C7EFA4835D698D0642A /* Base */,
			);
			name = LaunchScreen.storyboard;
			sourceTree = "<group>";
		};
/* End PBXVariantGroup section */

/* Begin XCBuildConfiguration section */
		35C020D39068749C2E88665A /* Debug */ = {
			isa = XCBuildConfiguration;
			baseConfigurationReference = 99D39E02C98FCBFF96D923F5 /* Pods-SearchListTests.debug.xcconfig */;
			buildSettings = {
				BUNDLE_LOADER = "$(BUILT_PRODUCTS_DIR)/SearchList.app/SearchList";
				DEVELOPMENT_TEAM = WD76874MQJ;
				FRAMEWORK_SEARCH_PATHS = (
					"$(inherited)",
					"$(PROJECT_DIR)/Carthage/Build/iOS",
				);
				INFOPLIST_FILE = SearchListTests/Info.plist;
				LD_RUNPATH_SEARCH_PATHS = "$(inherited) @executable_path/Frameworks @loader_path/Frameworks";
				PRODUCT_BUNDLE_IDENTIFIER = yokoyas000.SearchListTests;
				PRODUCT_NAME = "$(TARGET_NAME)";
				SWIFT_VERSION = 4.0;
				TARGETED_DEVICE_FAMILY = "1,2";
				TEST_HOST = "$(BUNDLE_LOADER)";
			};
			name = Debug;
		};
		35C022EF3500FFF25BDF30E5 /* Release */ = {
			isa = XCBuildConfiguration;
			baseConfigurationReference = 71190B39585C52ED4592492A /* Pods-SearchListUITests.release.xcconfig */;
			buildSettings = {
				INFOPLIST_FILE = SearchListUITests/Info.plist;
				LD_RUNPATH_SEARCH_PATHS = "$(inherited) @executable_path/Frameworks @loader_path/Frameworks";
				PRODUCT_BUNDLE_IDENTIFIER = yokoyas000.SearchListUITests;
				PRODUCT_NAME = "$(TARGET_NAME)";
				SWIFT_VERSION = 4.0;
				TARGETED_DEVICE_FAMILY = "1,2";
				TEST_TARGET_NAME = SearchList;
			};
			name = Release;
		};
		35C0283D6B6A3873C4AF1491 /* Release */ = {
			isa = XCBuildConfiguration;
			buildSettings = {
				ALWAYS_SEARCH_USER_PATHS = NO;
				CLANG_ANALYZER_NONNULL = YES;
				CLANG_ANALYZER_NUMBER_OBJECT_CONVERSION = YES_AGGRESSIVE;
				CLANG_CXX_LANGUAGE_STANDARD = "gnu++14";
				CLANG_CXX_LIBRARY = "libc++";
				CLANG_ENABLE_MODULES = YES;
				CLANG_ENABLE_OBJC_ARC = YES;
				CLANG_ENABLE_OBJC_WEAK = YES;
				CLANG_WARN_BLOCK_CAPTURE_AUTORELEASING = YES;
				CLANG_WARN_BOOL_CONVERSION = YES;
				CLANG_WARN_COMMA = YES;
				CLANG_WARN_CONSTANT_CONVERSION = YES;
				CLANG_WARN_DEPRECATED_OBJC_IMPLEMENTATIONS = YES;
				CLANG_WARN_DIRECT_OBJC_ISA_USAGE = YES_ERROR;
				CLANG_WARN_DOCUMENTATION_COMMENTS = YES;
				CLANG_WARN_EMPTY_BODY = YES;
				CLANG_WARN_ENUM_CONVERSION = YES;
				CLANG_WARN_INFINITE_RECURSION = YES;
				CLANG_WARN_INT_CONVERSION = YES;
				CLANG_WARN_NON_LITERAL_NULL_CONVERSION = YES;
				CLANG_WARN_OBJC_IMPLICIT_RETAIN_SELF = YES;
				CLANG_WARN_OBJC_LITERAL_CONVERSION = YES;
				CLANG_WARN_OBJC_ROOT_CLASS = YES_ERROR;
				CLANG_WARN_RANGE_LOOP_ANALYSIS = YES;
				CLANG_WARN_STRICT_PROTOTYPES = YES;
				CLANG_WARN_SUSPICIOUS_MOVE = YES;
				CLANG_WARN_UNGUARDED_AVAILABILITY = YES_AGGRESSIVE;
				CLANG_WARN_UNREACHABLE_CODE = YES;
				CLANG_WARN__DUPLICATE_METHOD_MATCH = YES;
				CODE_SIGN_IDENTITY = "iPhone Developer";
				COPY_PHASE_STRIP = NO;
				DEBUG_INFORMATION_FORMAT = "dwarf-with-dsym";
				ENABLE_NS_ASSERTIONS = NO;
				ENABLE_STRICT_OBJC_MSGSEND = YES;
				GCC_C_LANGUAGE_STANDARD = gnu11;
				GCC_NO_COMMON_BLOCKS = YES;
				GCC_WARN_64_TO_32_BIT_CONVERSION = YES;
				GCC_WARN_ABOUT_RETURN_TYPE = YES_ERROR;
				GCC_WARN_UNDECLARED_SELECTOR = YES;
				GCC_WARN_UNINITIALIZED_AUTOS = YES_AGGRESSIVE;
				GCC_WARN_UNUSED_FUNCTION = YES;
				GCC_WARN_UNUSED_VARIABLE = YES;
				IPHONEOS_DEPLOYMENT_TARGET = 11.3;
				MTL_ENABLE_DEBUG_INFO = NO;
				SDKROOT = iphoneos;
				SWIFT_OPTIMIZATION_LEVEL = "-Owholemodule";
				VALIDATE_PRODUCT = YES;
			};
			name = Release;
		};
		35C0289AF6E6B402868E85F0 /* Release */ = {
			isa = XCBuildConfiguration;
			baseConfigurationReference = 92569D5AC8DB308F67426454 /* Pods-SearchList.release.xcconfig */;
			buildSettings = {
				ASSETCATALOG_COMPILER_APPICON_NAME = AppIcon;
				CODE_SIGN_IDENTITY = "iPhone Distribution";
				CODE_SIGN_STYLE = Manual;
				DEVELOPMENT_TEAM = WD76874MQJ;
				FRAMEWORK_SEARCH_PATHS = (
					"$(inherited)",
					"$(PROJECT_DIR)/Carthage/Build/iOS",
				);
				INFOPLIST_FILE = SearchList/Info.plist;
				IPHONEOS_DEPLOYMENT_TARGET = 10.3;
				LD_RUNPATH_SEARCH_PATHS = "$(inherited) @executable_path/Frameworks";
				PRODUCT_BUNDLE_IDENTIFIER = com.searchlist.app;
				PRODUCT_NAME = "$(TARGET_NAME)";
				PROVISIONING_PROFILE = "84c8ebb3-38c1-43df-b202-57f6fc5bef1b";
				PROVISIONING_PROFILE_SPECIFIER = "Search List AdHoc Distribution";
				SWIFT_VERSION = 4.0;
				TARGETED_DEVICE_FAMILY = "1,2";
			};
			name = Release;
		};
		35C02A71DE4A0E2D6A9AA34A /* Release */ = {
			isa = XCBuildConfiguration;
			baseConfigurationReference = DE4A7F14CE8F4EE825F1A395 /* Pods-SearchListTests.release.xcconfig */;
			buildSettings = {
				BUNDLE_LOADER = "$(BUILT_PRODUCTS_DIR)/SearchList.app/SearchList";
				DEVELOPMENT_TEAM = WD76874MQJ;
				FRAMEWORK_SEARCH_PATHS = (
					"$(inherited)",
					"$(PROJECT_DIR)/Carthage/Build/iOS",
				);
				INFOPLIST_FILE = SearchListTests/Info.plist;
				LD_RUNPATH_SEARCH_PATHS = "$(inherited) @executable_path/Frameworks @loader_path/Frameworks";
				PRODUCT_BUNDLE_IDENTIFIER = yokoyas000.SearchListTests;
				PRODUCT_NAME = "$(TARGET_NAME)";
				SWIFT_VERSION = 4.0;
				TARGETED_DEVICE_FAMILY = "1,2";
				TEST_HOST = "$(BUNDLE_LOADER)";
			};
			name = Release;
		};
		35C02F3E8BC51B680BF166BE /* Debug */ = {
			isa = XCBuildConfiguration;
			baseConfigurationReference = 4212835B05AE081724F43637 /* Pods-SearchList.debug.xcconfig */;
			buildSettings = {
				ASSETCATALOG_COMPILER_APPICON_NAME = AppIcon;
				CODE_SIGN_STYLE = Manual;
				DEVELOPMENT_TEAM = WD76874MQJ;
				FRAMEWORK_SEARCH_PATHS = (
					"$(inherited)",
					"$(PROJECT_DIR)/Carthage/Build/iOS",
				);
				INFOPLIST_FILE = SearchList/Info.plist;
				IPHONEOS_DEPLOYMENT_TARGET = 10.3;
				LD_RUNPATH_SEARCH_PATHS = "$(inherited) @executable_path/Frameworks";
				PRODUCT_BUNDLE_IDENTIFIER = com.searchlist.app;
				PRODUCT_NAME = "$(TARGET_NAME)";
				PROVISIONING_PROFILE = "e8df09c4-6a48-4a3a-a0db-0be7dfe6dbf5";
				PROVISIONING_PROFILE_SPECIFIER = "SearchList Development";
				SWIFT_VERSION = 4.0;
				TARGETED_DEVICE_FAMILY = "1,2";
			};
			name = Debug;
		};
		35C02F6CD1C0D7217C857C93 /* Debug */ = {
			isa = XCBuildConfiguration;
			baseConfigurationReference = 5E086E10C3FA113B0961220A /* Pods-SearchListUITests.debug.xcconfig */;
			buildSettings = {
				INFOPLIST_FILE = SearchListUITests/Info.plist;
				LD_RUNPATH_SEARCH_PATHS = "$(inherited) @executable_path/Frameworks @loader_path/Frameworks";
				PRODUCT_BUNDLE_IDENTIFIER = yokoyas000.SearchListUITests;
				PRODUCT_NAME = "$(TARGET_NAME)";
				SWIFT_VERSION = 4.0;
				TARGETED_DEVICE_FAMILY = "1,2";
				TEST_TARGET_NAME = SearchList;
			};
			name = Debug;
		};
		35C02FAF6D0ACE63CDBA7689 /* Debug */ = {
			isa = XCBuildConfiguration;
			buildSettings = {
				ALWAYS_SEARCH_USER_PATHS = NO;
				CLANG_ANALYZER_NONNULL = YES;
				CLANG_ANALYZER_NUMBER_OBJECT_CONVERSION = YES_AGGRESSIVE;
				CLANG_CXX_LANGUAGE_STANDARD = "gnu++14";
				CLANG_CXX_LIBRARY = "libc++";
				CLANG_ENABLE_MODULES = YES;
				CLANG_ENABLE_OBJC_ARC = YES;
				CLANG_ENABLE_OBJC_WEAK = YES;
				CLANG_WARN_BLOCK_CAPTURE_AUTORELEASING = YES;
				CLANG_WARN_BOOL_CONVERSION = YES;
				CLANG_WARN_COMMA = YES;
				CLANG_WARN_CONSTANT_CONVERSION = YES;
				CLANG_WARN_DEPRECATED_OBJC_IMPLEMENTATIONS = YES;
				CLANG_WARN_DIRECT_OBJC_ISA_USAGE = YES_ERROR;
				CLANG_WARN_DOCUMENTATION_COMMENTS = YES;
				CLANG_WARN_EMPTY_BODY = YES;
				CLANG_WARN_ENUM_CONVERSION = YES;
				CLANG_WARN_INFINITE_RECURSION = YES;
				CLANG_WARN_INT_CONVERSION = YES;
				CLANG_WARN_NON_LITERAL_NULL_CONVERSION = YES;
				CLANG_WARN_OBJC_IMPLICIT_RETAIN_SELF = YES;
				CLANG_WARN_OBJC_LITERAL_CONVERSION = YES;
				CLANG_WARN_OBJC_ROOT_CLASS = YES_ERROR;
				CLANG_WARN_RANGE_LOOP_ANALYSIS = YES;
				CLANG_WARN_STRICT_PROTOTYPES = YES;
				CLANG_WARN_SUSPICIOUS_MOVE = YES;
				CLANG_WARN_UNGUARDED_AVAILABILITY = YES_AGGRESSIVE;
				CLANG_WARN_UNREACHABLE_CODE = YES;
				CLANG_WARN__DUPLICATE_METHOD_MATCH = YES;
				CODE_SIGN_IDENTITY = "iPhone Developer";
				COPY_PHASE_STRIP = NO;
				DEBUG_INFORMATION_FORMAT = dwarf;
				ENABLE_STRICT_OBJC_MSGSEND = YES;
				ENABLE_TESTABILITY = YES;
				GCC_C_LANGUAGE_STANDARD = gnu11;
				GCC_DYNAMIC_NO_PIC = NO;
				GCC_NO_COMMON_BLOCKS = YES;
				GCC_OPTIMIZATION_LEVEL = 0;
				GCC_PREPROCESSOR_DEFINITIONS = (
					"DEBUG=1",
					"$(inherited)",
				);
				GCC_WARN_64_TO_32_BIT_CONVERSION = YES;
				GCC_WARN_ABOUT_RETURN_TYPE = YES_ERROR;
				GCC_WARN_UNDECLARED_SELECTOR = YES;
				GCC_WARN_UNINITIALIZED_AUTOS = YES_AGGRESSIVE;
				GCC_WARN_UNUSED_FUNCTION = YES;
				GCC_WARN_UNUSED_VARIABLE = YES;
				IPHONEOS_DEPLOYMENT_TARGET = 11.3;
				MTL_ENABLE_DEBUG_INFO = YES;
				ONLY_ACTIVE_ARCH = YES;
				SDKROOT = iphoneos;
				SWIFT_ACTIVE_COMPILATION_CONDITIONS = DEBUG;
				SWIFT_OPTIMIZATION_LEVEL = "-Onone";
			};
			name = Debug;
		};
/* End XCBuildConfiguration section */

/* Begin XCConfigurationList section */
		35C0208CF7E72B1D4582E87F /* Build configuration list for PBXNativeTarget "SearchListUITests" */ = {
			isa = XCConfigurationList;
			buildConfigurations = (
				35C02F6CD1C0D7217C857C93 /* Debug */,
				35C022EF3500FFF25BDF30E5 /* Release */,
			);
			defaultConfigurationIsVisible = 0;
			defaultConfigurationName = Release;
		};
		35C020CF901456C463293D18 /* Build configuration list for PBXProject "SearchList" */ = {
			isa = XCConfigurationList;
			buildConfigurations = (
				35C02FAF6D0ACE63CDBA7689 /* Debug */,
				35C0283D6B6A3873C4AF1491 /* Release */,
			);
			defaultConfigurationIsVisible = 0;
			defaultConfigurationName = Release;
		};
		35C0217C0F20B81921B1F962 /* Build configuration list for PBXNativeTarget "SearchListTests" */ = {
			isa = XCConfigurationList;
			buildConfigurations = (
				35C020D39068749C2E88665A /* Debug */,
				35C02A71DE4A0E2D6A9AA34A /* Release */,
			);
			defaultConfigurationIsVisible = 0;
			defaultConfigurationName = Release;
		};
		35C0233F94209A341B4DEC17 /* Build configuration list for PBXNativeTarget "SearchList" */ = {
			isa = XCConfigurationList;
			buildConfigurations = (
				35C02F3E8BC51B680BF166BE /* Debug */,
				35C0289AF6E6B402868E85F0 /* Release */,
			);
			defaultConfigurationIsVisible = 0;
			defaultConfigurationName = Release;
		};
/* End XCConfigurationList section */
	};
	rootObject = 35C02D073D7AB6FD7B2875D3 /* Project object */;
}
